// !$*UTF8*$!
{
	archiveVersion = 1;
	classes = {
	};
	objectVersion = 50;
	objects = {

/* Begin PBXBuildFile section */
		9213184722D571BF00C91D90 /* SignInViewModel.swift in Sources */ = {isa = PBXBuildFile; fileRef = 9213184622D571BF00C91D90 /* SignInViewModel.swift */; };
		9213184922D5728F00C91D90 /* SignInCredentials.swift in Sources */ = {isa = PBXBuildFile; fileRef = 9213184822D5728F00C91D90 /* SignInCredentials.swift */; };
		9213184B22D6050000C91D90 /* NLTabBarController.swift in Sources */ = {isa = PBXBuildFile; fileRef = 9213184A22D6050000C91D90 /* NLTabBarController.swift */; };
		9213184D22D605AE00C91D90 /* SendMessageCoordinator.swift in Sources */ = {isa = PBXBuildFile; fileRef = 9213184C22D605AE00C91D90 /* SendMessageCoordinator.swift */; };
		9213185122D6068200C91D90 /* MessagesViewController.swift in Sources */ = {isa = PBXBuildFile; fileRef = 9213185022D6068200C91D90 /* MessagesViewController.swift */; };
		9213185322D6142700C91D90 /* MainNavigationController.swift in Sources */ = {isa = PBXBuildFile; fileRef = 9213185222D6142700C91D90 /* MainNavigationController.swift */; };
		9228D6AA22D6571C003B03DB /* MessagesView.swift in Sources */ = {isa = PBXBuildFile; fileRef = 9228D6A922D6571C003B03DB /* MessagesView.swift */; };
		9228D6AC22D65A4D003B03DB /* EmptyView.swift in Sources */ = {isa = PBXBuildFile; fileRef = 9228D6AB22D65A4D003B03DB /* EmptyView.swift */; };
		9228D6AE22D66122003B03DB /* UITableView+Extension.swift in Sources */ = {isa = PBXBuildFile; fileRef = 9228D6AD22D66122003B03DB /* UITableView+Extension.swift */; };
		9228D6B022D665C9003B03DB /* TableViewArrayDataSource.swift in Sources */ = {isa = PBXBuildFile; fileRef = 9228D6AF22D665C9003B03DB /* TableViewArrayDataSource.swift */; };
		9228D6B422D763A2003B03DB /* MessageTableViewCell.swift in Sources */ = {isa = PBXBuildFile; fileRef = 9228D6B322D763A2003B03DB /* MessageTableViewCell.swift */; };
		9228D6B622D77029003B03DB /* ActionView.swift in Sources */ = {isa = PBXBuildFile; fileRef = 9228D6B522D77029003B03DB /* ActionView.swift */; };
		9228D6B822D77BCE003B03DB /* Configurable.swift in Sources */ = {isa = PBXBuildFile; fileRef = 9228D6B722D77BCE003B03DB /* Configurable.swift */; };
		9228D6BA22D77ED9003B03DB /* MessageViewModel.swift in Sources */ = {isa = PBXBuildFile; fileRef = 9228D6B922D77ED9003B03DB /* MessageViewModel.swift */; };
		9228D6BD22D79250003B03DB /* Message.swift in Sources */ = {isa = PBXBuildFile; fileRef = 9228D6BC22D79250003B03DB /* Message.swift */; };
		9228D6BF22D79643003B03DB /* User.swift in Sources */ = {isa = PBXBuildFile; fileRef = 9228D6BE22D79643003B03DB /* User.swift */; };
		9228D6C122D798AB003B03DB /* Date+Extension.swift in Sources */ = {isa = PBXBuildFile; fileRef = 9228D6C022D798AB003B03DB /* Date+Extension.swift */; };
		9228D6C322D7A0D6003B03DB /* MessageService.swift in Sources */ = {isa = PBXBuildFile; fileRef = 9228D6C222D7A0D6003B03DB /* MessageService.swift */; };
		9228D6C522D7BD02003B03DB /* MessageType.swift in Sources */ = {isa = PBXBuildFile; fileRef = 9228D6C422D7BD02003B03DB /* MessageType.swift */; };
		9229482122CCC3ED0080B328 /* TextField.swift in Sources */ = {isa = PBXBuildFile; fileRef = 9229482022CCC3ED0080B328 /* TextField.swift */; };
		9229DFA222D2BDF200827A03 /* AuthService.swift in Sources */ = {isa = PBXBuildFile; fileRef = 9229DFA122D2BDF200827A03 /* AuthService.swift */; };
		9233615A22C643F5002B7BBA /* AppDelegate.swift in Sources */ = {isa = PBXBuildFile; fileRef = 9233615922C643F5002B7BBA /* AppDelegate.swift */; };
		9233616322C643F7002B7BBA /* Assets.xcassets in Resources */ = {isa = PBXBuildFile; fileRef = 9233616222C643F7002B7BBA /* Assets.xcassets */; };
		9233616622C643F7002B7BBA /* LaunchScreen.storyboard in Resources */ = {isa = PBXBuildFile; fileRef = 9233616422C643F7002B7BBA /* LaunchScreen.storyboard */; };
		9233617122C643F7002B7BBA /* NightlightTests.swift in Sources */ = {isa = PBXBuildFile; fileRef = 9233617022C643F7002B7BBA /* NightlightTests.swift */; };
		9233617C22C643F7002B7BBA /* NightlightUITests.swift in Sources */ = {isa = PBXBuildFile; fileRef = 9233617B22C643F7002B7BBA /* NightlightUITests.swift */; };
		9233618B22C664A2002B7BBA /* AppCoordinator.swift in Sources */ = {isa = PBXBuildFile; fileRef = 9233618A22C664A2002B7BBA /* AppCoordinator.swift */; };
		9233618D22C664C4002B7BBA /* Coordinator.swift in Sources */ = {isa = PBXBuildFile; fileRef = 9233618C22C664C4002B7BBA /* Coordinator.swift */; };
		9237A1D322CA559500FC9331 /* UIViewController+Extension.swift in Sources */ = {isa = PBXBuildFile; fileRef = 9237A1D222CA559500FC9331 /* UIViewController+Extension.swift */; };
		9237A1D522CA74E100FC9331 /* UIColor+Extension.swift in Sources */ = {isa = PBXBuildFile; fileRef = 9237A1D422CA74E100FC9331 /* UIColor+Extension.swift */; };
		9237A1D722CA7D7200FC9331 /* Theme.swift in Sources */ = {isa = PBXBuildFile; fileRef = 9237A1D622CA7D7200FC9331 /* Theme.swift */; };
		9237A1D922CA7DFE00FC9331 /* UIColor+Colors.swift in Sources */ = {isa = PBXBuildFile; fileRef = 9237A1D822CA7DFE00FC9331 /* UIColor+Colors.swift */; };
		9237A1DB22CA7EFB00FC9331 /* Themeable.swift in Sources */ = {isa = PBXBuildFile; fileRef = 9237A1DA22CA7EFB00FC9331 /* Themeable.swift */; };
		9237A1DD22CA829700FC9331 /* ThemeObserving.swift in Sources */ = {isa = PBXBuildFile; fileRef = 9237A1DC22CA829700FC9331 /* ThemeObserving.swift */; };
		9237A1DF22CA859600FC9331 /* NLNotification.swift in Sources */ = {isa = PBXBuildFile; fileRef = 9237A1DE22CA859600FC9331 /* NLNotification.swift */; };
		9237A1E122CA890D00FC9331 /* UIViewController+ThemeObserving.swift in Sources */ = {isa = PBXBuildFile; fileRef = 9237A1E022CA890D00FC9331 /* UIViewController+ThemeObserving.swift */; };
		9237A1E322CA8D8C00FC9331 /* StyleManager.swift in Sources */ = {isa = PBXBuildFile; fileRef = 9237A1E222CA8D8C00FC9331 /* StyleManager.swift */; };
		9237A1E522CA91BE00FC9331 /* DependencyContainer.swift in Sources */ = {isa = PBXBuildFile; fileRef = 9237A1E422CA91BE00FC9331 /* DependencyContainer.swift */; };
		9237A1E722CA95DF00FC9331 /* UIFont+Fonts.swift in Sources */ = {isa = PBXBuildFile; fileRef = 9237A1E622CA95DF00FC9331 /* UIFont+Fonts.swift */; };
		9237A1E922CA970000FC9331 /* CircularStdFont.swift in Sources */ = {isa = PBXBuildFile; fileRef = 9237A1E822CA970000FC9331 /* CircularStdFont.swift */; };
		9237A1EF22CA99E000FC9331 /* Strings.swift in Sources */ = {isa = PBXBuildFile; fileRef = 9237A1EE22CA99E000FC9331 /* Strings.swift */; };
		9237A1F022CA9E8A00FC9331 /* CircularStd-Bold.otf in Resources */ = {isa = PBXBuildFile; fileRef = 9237A1ED22CA981A00FC9331 /* CircularStd-Bold.otf */; };
		9237A1F122CA9E8D00FC9331 /* CircularStd-Book.otf in Resources */ = {isa = PBXBuildFile; fileRef = 9237A1EC22CA981A00FC9331 /* CircularStd-Book.otf */; };
		9237A1F222CA9E9000FC9331 /* CircularStd-Medium.otf in Resources */ = {isa = PBXBuildFile; fileRef = 9237A1EB22CA981A00FC9331 /* CircularStd-Medium.otf */; };
		9237A1F422CAA79500FC9331 /* ContainedButton.swift in Sources */ = {isa = PBXBuildFile; fileRef = 9237A1F322CAA79500FC9331 /* ContainedButton.swift */; };
		92418D4322D7C01E001B6DFB /* MessageResponse.swift in Sources */ = {isa = PBXBuildFile; fileRef = 92418D4222D7C01E001B6DFB /* MessageResponse.swift */; };
		92418D4522D7C048001B6DFB /* PaginationMetadata.swift in Sources */ = {isa = PBXBuildFile; fileRef = 92418D4422D7C048001B6DFB /* PaginationMetadata.swift */; };
		92418D4722D7C1D0001B6DFB /* MessageError.swift in Sources */ = {isa = PBXBuildFile; fileRef = 92418D4622D7C1D0001B6DFB /* MessageError.swift */; };
		92418D4922D7D422001B6DFB /* DateFormatter+Extension.swift in Sources */ = {isa = PBXBuildFile; fileRef = 92418D4822D7D422001B6DFB /* DateFormatter+Extension.swift */; };
		92418D4B22D7D645001B6DFB /* NSObject+Extension.swift in Sources */ = {isa = PBXBuildFile; fileRef = 92418D4A22D7D645001B6DFB /* NSObject+Extension.swift */; };
		9247606B22D8E2E4001EF6BE /* MessageTableViewCellDelegate.swift in Sources */ = {isa = PBXBuildFile; fileRef = 9247606A22D8E2E4001EF6BE /* MessageTableViewCellDelegate.swift */; };
		9247606F22D910FF001EF6BE /* TableViewArrayPaginatedDataSource.swift in Sources */ = {isa = PBXBuildFile; fileRef = 9247606E22D910FF001EF6BE /* TableViewArrayPaginatedDataSource.swift */; };
		925763D022CABF6A0031D616 /* TextButton.swift in Sources */ = {isa = PBXBuildFile; fileRef = 925763CF22CABF6A0031D616 /* TextButton.swift */; };
		925763D222CABFBB0031D616 /* BaseButton.swift in Sources */ = {isa = PBXBuildFile; fileRef = 925763D122CABFBB0031D616 /* BaseButton.swift */; };
		925763D422CAC9C00031D616 /* OnboardViewControllerDelegate.swift in Sources */ = {isa = PBXBuildFile; fileRef = 925763D322CAC9C00031D616 /* OnboardViewControllerDelegate.swift */; };
		925763D622CAD0160031D616 /* PageControl.swift in Sources */ = {isa = PBXBuildFile; fileRef = 925763D522CAD0160031D616 /* PageControl.swift */; };
		925763DF22CB768D0031D616 /* SignInViewController.swift in Sources */ = {isa = PBXBuildFile; fileRef = 925763DE22CB768D0031D616 /* SignInViewController.swift */; };
		925763E122CB76E80031D616 /* SignInView.swift in Sources */ = {isa = PBXBuildFile; fileRef = 925763E022CB76E80031D616 /* SignInView.swift */; };
		925763E322CB7BE00031D616 /* AuthViewBackground.swift in Sources */ = {isa = PBXBuildFile; fileRef = 925763E222CB7BE00031D616 /* AuthViewBackground.swift */; };
		925763E722CB95900031D616 /* AuthView.swift in Sources */ = {isa = PBXBuildFile; fileRef = 925763E622CB95900031D616 /* AuthView.swift */; };
		925763E922CBA7850031D616 /* SignUpViewController.swift in Sources */ = {isa = PBXBuildFile; fileRef = 925763E822CBA7850031D616 /* SignUpViewController.swift */; };
		925763EB22CBA7E50031D616 /* SignUpView.swift in Sources */ = {isa = PBXBuildFile; fileRef = 925763EA22CBA7E50031D616 /* SignUpView.swift */; };
		925763ED22CBB4F80031D616 /* FormTextField.swift in Sources */ = {isa = PBXBuildFile; fileRef = 925763EC22CBB4F80031D616 /* FormTextField.swift */; };
		9276314122D3F547000D4B8F /* AuthResponse.swift in Sources */ = {isa = PBXBuildFile; fileRef = 9276314022D3F547000D4B8F /* AuthResponse.swift */; };
		9276314322D3F673000D4B8F /* AuthToken.swift in Sources */ = {isa = PBXBuildFile; fileRef = 9276314222D3F673000D4B8F /* AuthToken.swift */; };
		9276314722D4AEC4000D4B8F /* ValidationErrorDescription.swift in Sources */ = {isa = PBXBuildFile; fileRef = 9276314622D4AEC4000D4B8F /* ValidationErrorDescription.swift */; };
		9276314922D4B07B000D4B8F /* Data+Extension.swift in Sources */ = {isa = PBXBuildFile; fileRef = 9276314822D4B07B000D4B8F /* Data+Extension.swift */; };
		9276314B22D4B41E000D4B8F /* KeychainManager.swift in Sources */ = {isa = PBXBuildFile; fileRef = 9276314A22D4B41E000D4B8F /* KeychainManager.swift */; };
		9276314D22D4C6FA000D4B8F /* KeychainAccessibility.swift in Sources */ = {isa = PBXBuildFile; fileRef = 9276314C22D4C6FA000D4B8F /* KeychainAccessibility.swift */; };
		9276314F22D4DDAE000D4B8F /* KeychainKey.swift in Sources */ = {isa = PBXBuildFile; fileRef = 9276314E22D4DDAE000D4B8F /* KeychainKey.swift */; };
		9282180B22D20CB50007FF9B /* KeyboardManager.swift in Sources */ = {isa = PBXBuildFile; fileRef = 9282180A22D20CB50007FF9B /* KeyboardManager.swift */; };
		928A10A622D3CDF000FF78FB /* URLSession+Extension.swift in Sources */ = {isa = PBXBuildFile; fileRef = 928A10A522D3CDF000FF78FB /* URLSession+Extension.swift */; };
		928A10A822D3CFBF00FF78FB /* NetworkError.swift in Sources */ = {isa = PBXBuildFile; fileRef = 928A10A722D3CFBF00FF78FB /* NetworkError.swift */; };
		928A10AA22D3D19200FF78FB /* HttpError.swift in Sources */ = {isa = PBXBuildFile; fileRef = 928A10A922D3D19200FF78FB /* HttpError.swift */; };
		928A10B122D3E3EA00FF78FB /* SignUpViewModel.swift in Sources */ = {isa = PBXBuildFile; fileRef = 928A10B022D3E3EA00FF78FB /* SignUpViewModel.swift */; };
		928A10B322D3EBF400FF78FB /* SignUpCredentials.swift in Sources */ = {isa = PBXBuildFile; fileRef = 928A10B222D3EBF400FF78FB /* SignUpCredentials.swift */; };
		928A10B522D3F3A800FF78FB /* AuthError.swift in Sources */ = {isa = PBXBuildFile; fileRef = 928A10B422D3F3A800FF78FB /* AuthError.swift */; };
		928A75CF22C92E7600BC607A /* UIStackView+Extension.swift in Sources */ = {isa = PBXBuildFile; fileRef = 928A75CE22C92E7600BC607A /* UIStackView+Extension.swift */; };
		928A75D122C967BE00BC607A /* OnboardViewController.swift in Sources */ = {isa = PBXBuildFile; fileRef = 928A75D022C967BE00BC607A /* OnboardViewController.swift */; };
		928E53CF22C81E1A00260C8D /* OnboardPageViewController.swift in Sources */ = {isa = PBXBuildFile; fileRef = 928E53CE22C81E1A00260C8D /* OnboardPageViewController.swift */; };
		92931C2122D2D4FB00C54EB8 /* HttpClient.swift in Sources */ = {isa = PBXBuildFile; fileRef = 92931C2022D2D4FB00C54EB8 /* HttpClient.swift */; };
		92931C2522D35C8000C54EB8 /* AuthorizedHttpClient.swift in Sources */ = {isa = PBXBuildFile; fileRef = 92931C2422D35C8000C54EB8 /* AuthorizedHttpClient.swift */; };
		92931C2722D3907E00C54EB8 /* Endpoint.swift in Sources */ = {isa = PBXBuildFile; fileRef = 92931C2622D3907E00C54EB8 /* Endpoint.swift */; };
		92931C3122D399B000C54EB8 /* Development.xcconfig in Resources */ = {isa = PBXBuildFile; fileRef = 92931C3022D399B000C54EB8 /* Development.xcconfig */; };
		92931C3622D3A09600C54EB8 /* Env.swift in Sources */ = {isa = PBXBuildFile; fileRef = 92931C3422D39C7300C54EB8 /* Env.swift */; };
		92AE911122CD68DD002C75B6 /* UserDefaultsManager.swift in Sources */ = {isa = PBXBuildFile; fileRef = 92AE911022CD68DD002C75B6 /* UserDefaultsManager.swift */; };
		92B302ED22D6292C00CE5668 /* MessagesViewModel.swift in Sources */ = {isa = PBXBuildFile; fileRef = 92B302EC22D6292C00CE5668 /* MessagesViewModel.swift */; };
		92B302EF22D63AB300CE5668 /* RecentMessagesCoordinator.swift in Sources */ = {isa = PBXBuildFile; fileRef = 92B302EE22D63AB300CE5668 /* RecentMessagesCoordinator.swift */; };
		92B302F122D63B4F00CE5668 /* SearchViewModel.swift in Sources */ = {isa = PBXBuildFile; fileRef = 92B302F022D63B4F00CE5668 /* SearchViewModel.swift */; };
		92B302F322D63B7000CE5668 /* SearchViewController.swift in Sources */ = {isa = PBXBuildFile; fileRef = 92B302F222D63B6F00CE5668 /* SearchViewController.swift */; };
		92B302F522D63E6E00CE5668 /* SearchCoordinator.swift in Sources */ = {isa = PBXBuildFile; fileRef = 92B302F422D63E6E00CE5668 /* SearchCoordinator.swift */; };
		92B302F722D6431800CE5668 /* SendMessageViewModel.swift in Sources */ = {isa = PBXBuildFile; fileRef = 92B302F622D6431800CE5668 /* SendMessageViewModel.swift */; };
		92B302F922D6435200CE5668 /* SendMessageViewController.swift in Sources */ = {isa = PBXBuildFile; fileRef = 92B302F822D6435200CE5668 /* SendMessageViewController.swift */; };
		92B9008822CD8720009E619B /* AuthCoordinator.swift in Sources */ = {isa = PBXBuildFile; fileRef = 92B9008722CD8720009E619B /* AuthCoordinator.swift */; };
		92B9008A22CE94A7009E619B /* SplashScreenViewController.swift in Sources */ = {isa = PBXBuildFile; fileRef = 92B9008922CE94A7009E619B /* SplashScreenViewController.swift */; };
		92CA9C8022D6475C009900E6 /* NotificationsCoordinator.swift in Sources */ = {isa = PBXBuildFile; fileRef = 92CA9C7F22D6475C009900E6 /* NotificationsCoordinator.swift */; };
		92CA9C8222D647C0009900E6 /* NotificationsViewController.swift in Sources */ = {isa = PBXBuildFile; fileRef = 92CA9C8122D647BF009900E6 /* NotificationsViewController.swift */; };
		92CA9C8422D647E5009900E6 /* NotificationsViewModel.swift in Sources */ = {isa = PBXBuildFile; fileRef = 92CA9C8322D647E4009900E6 /* NotificationsViewModel.swift */; };
		92CA9C8622D6484B009900E6 /* ProfileCoordinator.swift in Sources */ = {isa = PBXBuildFile; fileRef = 92CA9C8522D6484B009900E6 /* ProfileCoordinator.swift */; };
		92CA9C8822D6492C009900E6 /* ProfileViewModel.swift in Sources */ = {isa = PBXBuildFile; fileRef = 92CA9C8722D6492C009900E6 /* ProfileViewModel.swift */; };
		92CA9C8A22D6494C009900E6 /* ProfileViewController.swift in Sources */ = {isa = PBXBuildFile; fileRef = 92CA9C8922D6494C009900E6 /* ProfileViewController.swift */; };
		92D398A522C906A500AAC887 /* UIView+Extension.swift in Sources */ = {isa = PBXBuildFile; fileRef = 92D398A422C906A400AAC887 /* UIView+Extension.swift */; };
		92D8EBC922CFA8BA0083D6C4 /* AnimatedLogoView.swift in Sources */ = {isa = PBXBuildFile; fileRef = 92D8EBC822CFA8BA0083D6C4 /* AnimatedLogoView.swift */; };
		92D8EBCB22CFD83D0083D6C4 /* SignUpViewControllerDelegate.swift in Sources */ = {isa = PBXBuildFile; fileRef = 92D8EBCA22CFD83C0083D6C4 /* SignUpViewControllerDelegate.swift */; };
		92D8EBCD22CFE0120083D6C4 /* SignInViewControllerDelegate.swift in Sources */ = {isa = PBXBuildFile; fileRef = 92D8EBCC22CFE0120083D6C4 /* SignInViewControllerDelegate.swift */; };
		92DF5D2322D5224B00207D4D /* UserDefaultsKey.swift in Sources */ = {isa = PBXBuildFile; fileRef = 92DF5D2222D5224B00207D4D /* UserDefaultsKey.swift */; };
		92DF5D2722D52B9A00207D4D /* ToastView.swift in Sources */ = {isa = PBXBuildFile; fileRef = 92DF5D2622D52B9A00207D4D /* ToastView.swift */; };
		92F1761E22DBC232008AEB82 /* MessageActionType.swift in Sources */ = {isa = PBXBuildFile; fileRef = 92F1761D22DBC232008AEB82 /* MessageActionType.swift */; };
		92F1762022DBC42C008AEB82 /* MessageActionResponse.swift in Sources */ = {isa = PBXBuildFile; fileRef = 92F1761F22DBC42C008AEB82 /* MessageActionResponse.swift */; };
		92F1762722DBF771008AEB82 /* MessageDetailViewController.swift in Sources */ = {isa = PBXBuildFile; fileRef = 92F1762622DBF771008AEB82 /* MessageDetailViewController.swift */; };
		92F1762922DBF7F0008AEB82 /* MessageContentView.swift in Sources */ = {isa = PBXBuildFile; fileRef = 92F1762822DBF7F0008AEB82 /* MessageContentView.swift */; };
		92F1762B22DBFBFE008AEB82 /* MessagesViewControllerDelegate.swift in Sources */ = {isa = PBXBuildFile; fileRef = 92F1762A22DBFBFE008AEB82 /* MessagesViewControllerDelegate.swift */; };
		92F1762F22DC19E6008AEB82 /* MessageDetailViewControllerDelegate.swift in Sources */ = {isa = PBXBuildFile; fileRef = 92F1762E22DC19E6008AEB82 /* MessageDetailViewControllerDelegate.swift */; };
/* End PBXBuildFile section */

/* Begin PBXContainerItemProxy section */
		9233616D22C643F7002B7BBA /* PBXContainerItemProxy */ = {
			isa = PBXContainerItemProxy;
			containerPortal = 9233614E22C643F5002B7BBA /* Project object */;
			proxyType = 1;
			remoteGlobalIDString = 9233615522C643F5002B7BBA;
			remoteInfo = Nightlight;
		};
		9233617822C643F7002B7BBA /* PBXContainerItemProxy */ = {
			isa = PBXContainerItemProxy;
			containerPortal = 9233614E22C643F5002B7BBA /* Project object */;
			proxyType = 1;
			remoteGlobalIDString = 9233615522C643F5002B7BBA;
			remoteInfo = Nightlight;
		};
/* End PBXContainerItemProxy section */

/* Begin PBXFileReference section */
		9213184622D571BF00C91D90 /* SignInViewModel.swift */ = {isa = PBXFileReference; lastKnownFileType = sourcecode.swift; path = SignInViewModel.swift; sourceTree = "<group>"; };
		9213184822D5728F00C91D90 /* SignInCredentials.swift */ = {isa = PBXFileReference; lastKnownFileType = sourcecode.swift; path = SignInCredentials.swift; sourceTree = "<group>"; };
		9213184A22D6050000C91D90 /* NLTabBarController.swift */ = {isa = PBXFileReference; lastKnownFileType = sourcecode.swift; path = NLTabBarController.swift; sourceTree = "<group>"; };
		9213184C22D605AE00C91D90 /* SendMessageCoordinator.swift */ = {isa = PBXFileReference; lastKnownFileType = sourcecode.swift; path = SendMessageCoordinator.swift; sourceTree = "<group>"; };
		9213185022D6068200C91D90 /* MessagesViewController.swift */ = {isa = PBXFileReference; lastKnownFileType = sourcecode.swift; path = MessagesViewController.swift; sourceTree = "<group>"; };
		9213185222D6142700C91D90 /* MainNavigationController.swift */ = {isa = PBXFileReference; lastKnownFileType = sourcecode.swift; path = MainNavigationController.swift; sourceTree = "<group>"; };
		9228D6A922D6571C003B03DB /* MessagesView.swift */ = {isa = PBXFileReference; lastKnownFileType = sourcecode.swift; path = MessagesView.swift; sourceTree = "<group>"; };
		9228D6AB22D65A4D003B03DB /* EmptyView.swift */ = {isa = PBXFileReference; lastKnownFileType = sourcecode.swift; path = EmptyView.swift; sourceTree = "<group>"; };
		9228D6AD22D66122003B03DB /* UITableView+Extension.swift */ = {isa = PBXFileReference; lastKnownFileType = sourcecode.swift; path = "UITableView+Extension.swift"; sourceTree = "<group>"; };
		9228D6AF22D665C9003B03DB /* TableViewArrayDataSource.swift */ = {isa = PBXFileReference; lastKnownFileType = sourcecode.swift; path = TableViewArrayDataSource.swift; sourceTree = "<group>"; };
		9228D6B322D763A2003B03DB /* MessageTableViewCell.swift */ = {isa = PBXFileReference; lastKnownFileType = sourcecode.swift; path = MessageTableViewCell.swift; sourceTree = "<group>"; };
		9228D6B522D77029003B03DB /* ActionView.swift */ = {isa = PBXFileReference; lastKnownFileType = sourcecode.swift; path = ActionView.swift; sourceTree = "<group>"; };
		9228D6B722D77BCE003B03DB /* Configurable.swift */ = {isa = PBXFileReference; lastKnownFileType = sourcecode.swift; path = Configurable.swift; sourceTree = "<group>"; };
		9228D6B922D77ED9003B03DB /* MessageViewModel.swift */ = {isa = PBXFileReference; lastKnownFileType = sourcecode.swift; path = MessageViewModel.swift; sourceTree = "<group>"; };
		9228D6BC22D79250003B03DB /* Message.swift */ = {isa = PBXFileReference; lastKnownFileType = sourcecode.swift; path = Message.swift; sourceTree = "<group>"; };
		9228D6BE22D79643003B03DB /* User.swift */ = {isa = PBXFileReference; lastKnownFileType = sourcecode.swift; path = User.swift; sourceTree = "<group>"; };
		9228D6C022D798AB003B03DB /* Date+Extension.swift */ = {isa = PBXFileReference; lastKnownFileType = sourcecode.swift; path = "Date+Extension.swift"; sourceTree = "<group>"; };
		9228D6C222D7A0D6003B03DB /* MessageService.swift */ = {isa = PBXFileReference; lastKnownFileType = sourcecode.swift; path = MessageService.swift; sourceTree = "<group>"; };
		9228D6C422D7BD02003B03DB /* MessageType.swift */ = {isa = PBXFileReference; lastKnownFileType = sourcecode.swift; path = MessageType.swift; sourceTree = "<group>"; };
		9229482022CCC3ED0080B328 /* TextField.swift */ = {isa = PBXFileReference; lastKnownFileType = sourcecode.swift; path = TextField.swift; sourceTree = "<group>"; };
		9229DFA122D2BDF200827A03 /* AuthService.swift */ = {isa = PBXFileReference; lastKnownFileType = sourcecode.swift; path = AuthService.swift; sourceTree = "<group>"; };
		9233615622C643F5002B7BBA /* Nightlight.app */ = {isa = PBXFileReference; explicitFileType = wrapper.application; includeInIndex = 0; path = Nightlight.app; sourceTree = BUILT_PRODUCTS_DIR; };
		9233615922C643F5002B7BBA /* AppDelegate.swift */ = {isa = PBXFileReference; lastKnownFileType = sourcecode.swift; path = AppDelegate.swift; sourceTree = "<group>"; };
		9233616222C643F7002B7BBA /* Assets.xcassets */ = {isa = PBXFileReference; lastKnownFileType = folder.assetcatalog; path = Assets.xcassets; sourceTree = "<group>"; };
		9233616522C643F7002B7BBA /* Base */ = {isa = PBXFileReference; lastKnownFileType = file.storyboard; name = Base; path = Base.lproj/LaunchScreen.storyboard; sourceTree = "<group>"; };
		9233616722C643F7002B7BBA /* Development.plist */ = {isa = PBXFileReference; lastKnownFileType = text.plist.xml; path = Development.plist; sourceTree = "<group>"; };
		9233616C22C643F7002B7BBA /* NightlightTests.xctest */ = {isa = PBXFileReference; explicitFileType = wrapper.cfbundle; includeInIndex = 0; path = NightlightTests.xctest; sourceTree = BUILT_PRODUCTS_DIR; };
		9233617022C643F7002B7BBA /* NightlightTests.swift */ = {isa = PBXFileReference; lastKnownFileType = sourcecode.swift; path = NightlightTests.swift; sourceTree = "<group>"; };
		9233617222C643F7002B7BBA /* Info.plist */ = {isa = PBXFileReference; lastKnownFileType = text.plist.xml; path = Info.plist; sourceTree = "<group>"; };
		9233617722C643F7002B7BBA /* NightlightUITests.xctest */ = {isa = PBXFileReference; explicitFileType = wrapper.cfbundle; includeInIndex = 0; path = NightlightUITests.xctest; sourceTree = BUILT_PRODUCTS_DIR; };
		9233617B22C643F7002B7BBA /* NightlightUITests.swift */ = {isa = PBXFileReference; lastKnownFileType = sourcecode.swift; path = NightlightUITests.swift; sourceTree = "<group>"; };
		9233617D22C643F7002B7BBA /* Info.plist */ = {isa = PBXFileReference; lastKnownFileType = text.plist.xml; path = Info.plist; sourceTree = "<group>"; };
		9233618A22C664A2002B7BBA /* AppCoordinator.swift */ = {isa = PBXFileReference; lastKnownFileType = sourcecode.swift; path = AppCoordinator.swift; sourceTree = "<group>"; };
		9233618C22C664C4002B7BBA /* Coordinator.swift */ = {isa = PBXFileReference; lastKnownFileType = sourcecode.swift; path = Coordinator.swift; sourceTree = "<group>"; };
		9237A1D222CA559500FC9331 /* UIViewController+Extension.swift */ = {isa = PBXFileReference; lastKnownFileType = sourcecode.swift; path = "UIViewController+Extension.swift"; sourceTree = "<group>"; };
		9237A1D422CA74E100FC9331 /* UIColor+Extension.swift */ = {isa = PBXFileReference; lastKnownFileType = sourcecode.swift; path = "UIColor+Extension.swift"; sourceTree = "<group>"; };
		9237A1D622CA7D7200FC9331 /* Theme.swift */ = {isa = PBXFileReference; lastKnownFileType = sourcecode.swift; path = Theme.swift; sourceTree = "<group>"; };
		9237A1D822CA7DFE00FC9331 /* UIColor+Colors.swift */ = {isa = PBXFileReference; lastKnownFileType = sourcecode.swift; path = "UIColor+Colors.swift"; sourceTree = "<group>"; };
		9237A1DA22CA7EFB00FC9331 /* Themeable.swift */ = {isa = PBXFileReference; lastKnownFileType = sourcecode.swift; path = Themeable.swift; sourceTree = "<group>"; };
		9237A1DC22CA829700FC9331 /* ThemeObserving.swift */ = {isa = PBXFileReference; lastKnownFileType = sourcecode.swift; path = ThemeObserving.swift; sourceTree = "<group>"; };
		9237A1DE22CA859600FC9331 /* NLNotification.swift */ = {isa = PBXFileReference; lastKnownFileType = sourcecode.swift; path = NLNotification.swift; sourceTree = "<group>"; };
		9237A1E022CA890D00FC9331 /* UIViewController+ThemeObserving.swift */ = {isa = PBXFileReference; lastKnownFileType = sourcecode.swift; path = "UIViewController+ThemeObserving.swift"; sourceTree = "<group>"; };
		9237A1E222CA8D8C00FC9331 /* StyleManager.swift */ = {isa = PBXFileReference; lastKnownFileType = sourcecode.swift; path = StyleManager.swift; sourceTree = "<group>"; };
		9237A1E422CA91BE00FC9331 /* DependencyContainer.swift */ = {isa = PBXFileReference; lastKnownFileType = sourcecode.swift; path = DependencyContainer.swift; sourceTree = "<group>"; };
		9237A1E622CA95DF00FC9331 /* UIFont+Fonts.swift */ = {isa = PBXFileReference; lastKnownFileType = sourcecode.swift; path = "UIFont+Fonts.swift"; sourceTree = "<group>"; };
		9237A1E822CA970000FC9331 /* CircularStdFont.swift */ = {isa = PBXFileReference; lastKnownFileType = sourcecode.swift; path = CircularStdFont.swift; sourceTree = "<group>"; };
		9237A1EB22CA981A00FC9331 /* CircularStd-Medium.otf */ = {isa = PBXFileReference; lastKnownFileType = file; path = "CircularStd-Medium.otf"; sourceTree = "<group>"; };
		9237A1EC22CA981A00FC9331 /* CircularStd-Book.otf */ = {isa = PBXFileReference; lastKnownFileType = file; path = "CircularStd-Book.otf"; sourceTree = "<group>"; };
		9237A1ED22CA981A00FC9331 /* CircularStd-Bold.otf */ = {isa = PBXFileReference; lastKnownFileType = file; path = "CircularStd-Bold.otf"; sourceTree = "<group>"; };
		9237A1EE22CA99E000FC9331 /* Strings.swift */ = {isa = PBXFileReference; lastKnownFileType = sourcecode.swift; path = Strings.swift; sourceTree = "<group>"; };
		9237A1F322CAA79500FC9331 /* ContainedButton.swift */ = {isa = PBXFileReference; lastKnownFileType = sourcecode.swift; path = ContainedButton.swift; sourceTree = "<group>"; };
		92418D4222D7C01E001B6DFB /* MessageResponse.swift */ = {isa = PBXFileReference; lastKnownFileType = sourcecode.swift; path = MessageResponse.swift; sourceTree = "<group>"; };
		92418D4422D7C048001B6DFB /* PaginationMetadata.swift */ = {isa = PBXFileReference; lastKnownFileType = sourcecode.swift; path = PaginationMetadata.swift; sourceTree = "<group>"; };
		92418D4622D7C1D0001B6DFB /* MessageError.swift */ = {isa = PBXFileReference; lastKnownFileType = sourcecode.swift; path = MessageError.swift; sourceTree = "<group>"; };
		92418D4822D7D422001B6DFB /* DateFormatter+Extension.swift */ = {isa = PBXFileReference; lastKnownFileType = sourcecode.swift; path = "DateFormatter+Extension.swift"; sourceTree = "<group>"; };
		92418D4A22D7D645001B6DFB /* NSObject+Extension.swift */ = {isa = PBXFileReference; lastKnownFileType = sourcecode.swift; path = "NSObject+Extension.swift"; sourceTree = "<group>"; };
		9247606A22D8E2E4001EF6BE /* MessageTableViewCellDelegate.swift */ = {isa = PBXFileReference; lastKnownFileType = sourcecode.swift; path = MessageTableViewCellDelegate.swift; sourceTree = "<group>"; };
		9247606E22D910FF001EF6BE /* TableViewArrayPaginatedDataSource.swift */ = {isa = PBXFileReference; lastKnownFileType = sourcecode.swift; path = TableViewArrayPaginatedDataSource.swift; sourceTree = "<group>"; };
		925763CF22CABF6A0031D616 /* TextButton.swift */ = {isa = PBXFileReference; lastKnownFileType = sourcecode.swift; path = TextButton.swift; sourceTree = "<group>"; };
		925763D122CABFBB0031D616 /* BaseButton.swift */ = {isa = PBXFileReference; lastKnownFileType = sourcecode.swift; path = BaseButton.swift; sourceTree = "<group>"; };
		925763D322CAC9C00031D616 /* OnboardViewControllerDelegate.swift */ = {isa = PBXFileReference; lastKnownFileType = sourcecode.swift; path = OnboardViewControllerDelegate.swift; sourceTree = "<group>"; };
		925763D522CAD0160031D616 /* PageControl.swift */ = {isa = PBXFileReference; lastKnownFileType = sourcecode.swift; path = PageControl.swift; sourceTree = "<group>"; };
		925763DE22CB768D0031D616 /* SignInViewController.swift */ = {isa = PBXFileReference; lastKnownFileType = sourcecode.swift; path = SignInViewController.swift; sourceTree = "<group>"; };
		925763E022CB76E80031D616 /* SignInView.swift */ = {isa = PBXFileReference; lastKnownFileType = sourcecode.swift; path = SignInView.swift; sourceTree = "<group>"; };
		925763E222CB7BE00031D616 /* AuthViewBackground.swift */ = {isa = PBXFileReference; lastKnownFileType = sourcecode.swift; path = AuthViewBackground.swift; sourceTree = "<group>"; };
		925763E622CB95900031D616 /* AuthView.swift */ = {isa = PBXFileReference; lastKnownFileType = sourcecode.swift; path = AuthView.swift; sourceTree = "<group>"; };
		925763E822CBA7850031D616 /* SignUpViewController.swift */ = {isa = PBXFileReference; lastKnownFileType = sourcecode.swift; path = SignUpViewController.swift; sourceTree = "<group>"; };
		925763EA22CBA7E50031D616 /* SignUpView.swift */ = {isa = PBXFileReference; lastKnownFileType = sourcecode.swift; path = SignUpView.swift; sourceTree = "<group>"; };
		925763EC22CBB4F80031D616 /* FormTextField.swift */ = {isa = PBXFileReference; lastKnownFileType = sourcecode.swift; path = FormTextField.swift; sourceTree = "<group>"; };
		9276314022D3F547000D4B8F /* AuthResponse.swift */ = {isa = PBXFileReference; lastKnownFileType = sourcecode.swift; path = AuthResponse.swift; sourceTree = "<group>"; };
		9276314222D3F673000D4B8F /* AuthToken.swift */ = {isa = PBXFileReference; lastKnownFileType = sourcecode.swift; path = AuthToken.swift; sourceTree = "<group>"; };
		9276314622D4AEC4000D4B8F /* ValidationErrorDescription.swift */ = {isa = PBXFileReference; lastKnownFileType = sourcecode.swift; path = ValidationErrorDescription.swift; sourceTree = "<group>"; };
		9276314822D4B07B000D4B8F /* Data+Extension.swift */ = {isa = PBXFileReference; lastKnownFileType = sourcecode.swift; path = "Data+Extension.swift"; sourceTree = "<group>"; };
		9276314A22D4B41E000D4B8F /* KeychainManager.swift */ = {isa = PBXFileReference; lastKnownFileType = sourcecode.swift; path = KeychainManager.swift; sourceTree = "<group>"; };
		9276314C22D4C6FA000D4B8F /* KeychainAccessibility.swift */ = {isa = PBXFileReference; lastKnownFileType = sourcecode.swift; path = KeychainAccessibility.swift; sourceTree = "<group>"; };
		9276314E22D4DDAE000D4B8F /* KeychainKey.swift */ = {isa = PBXFileReference; lastKnownFileType = sourcecode.swift; path = KeychainKey.swift; sourceTree = "<group>"; };
		9282180A22D20CB50007FF9B /* KeyboardManager.swift */ = {isa = PBXFileReference; lastKnownFileType = sourcecode.swift; path = KeyboardManager.swift; sourceTree = "<group>"; };
		928A10A522D3CDF000FF78FB /* URLSession+Extension.swift */ = {isa = PBXFileReference; lastKnownFileType = sourcecode.swift; path = "URLSession+Extension.swift"; sourceTree = "<group>"; };
		928A10A722D3CFBF00FF78FB /* NetworkError.swift */ = {isa = PBXFileReference; lastKnownFileType = sourcecode.swift; path = NetworkError.swift; sourceTree = "<group>"; };
		928A10A922D3D19200FF78FB /* HttpError.swift */ = {isa = PBXFileReference; lastKnownFileType = sourcecode.swift; path = HttpError.swift; sourceTree = "<group>"; };
		928A10B022D3E3EA00FF78FB /* SignUpViewModel.swift */ = {isa = PBXFileReference; lastKnownFileType = sourcecode.swift; path = SignUpViewModel.swift; sourceTree = "<group>"; };
		928A10B222D3EBF400FF78FB /* SignUpCredentials.swift */ = {isa = PBXFileReference; lastKnownFileType = sourcecode.swift; path = SignUpCredentials.swift; sourceTree = "<group>"; };
		928A10B422D3F3A800FF78FB /* AuthError.swift */ = {isa = PBXFileReference; lastKnownFileType = sourcecode.swift; path = AuthError.swift; sourceTree = "<group>"; };
		928A75CE22C92E7600BC607A /* UIStackView+Extension.swift */ = {isa = PBXFileReference; lastKnownFileType = sourcecode.swift; path = "UIStackView+Extension.swift"; sourceTree = "<group>"; };
		928A75D022C967BE00BC607A /* OnboardViewController.swift */ = {isa = PBXFileReference; lastKnownFileType = sourcecode.swift; path = OnboardViewController.swift; sourceTree = "<group>"; };
		928E53CE22C81E1A00260C8D /* OnboardPageViewController.swift */ = {isa = PBXFileReference; lastKnownFileType = sourcecode.swift; path = OnboardPageViewController.swift; sourceTree = "<group>"; };
		92931C2022D2D4FB00C54EB8 /* HttpClient.swift */ = {isa = PBXFileReference; lastKnownFileType = sourcecode.swift; path = HttpClient.swift; sourceTree = "<group>"; };
		92931C2422D35C8000C54EB8 /* AuthorizedHttpClient.swift */ = {isa = PBXFileReference; lastKnownFileType = sourcecode.swift; path = AuthorizedHttpClient.swift; sourceTree = "<group>"; };
		92931C2622D3907E00C54EB8 /* Endpoint.swift */ = {isa = PBXFileReference; lastKnownFileType = sourcecode.swift; path = Endpoint.swift; sourceTree = "<group>"; };
		92931C3022D399B000C54EB8 /* Development.xcconfig */ = {isa = PBXFileReference; lastKnownFileType = text.xcconfig; path = Development.xcconfig; sourceTree = "<group>"; };
		92931C3322D39B5800C54EB8 /* Production.xcconfig */ = {isa = PBXFileReference; lastKnownFileType = text.xcconfig; path = Production.xcconfig; sourceTree = "<group>"; };
		92931C3422D39C7300C54EB8 /* Env.swift */ = {isa = PBXFileReference; lastKnownFileType = sourcecode.swift; path = Env.swift; sourceTree = "<group>"; };
		92AE911022CD68DD002C75B6 /* UserDefaultsManager.swift */ = {isa = PBXFileReference; lastKnownFileType = sourcecode.swift; path = UserDefaultsManager.swift; sourceTree = "<group>"; };
		92B302EC22D6292C00CE5668 /* MessagesViewModel.swift */ = {isa = PBXFileReference; lastKnownFileType = sourcecode.swift; path = MessagesViewModel.swift; sourceTree = "<group>"; };
		92B302EE22D63AB300CE5668 /* RecentMessagesCoordinator.swift */ = {isa = PBXFileReference; lastKnownFileType = sourcecode.swift; path = RecentMessagesCoordinator.swift; sourceTree = "<group>"; };
		92B302F022D63B4F00CE5668 /* SearchViewModel.swift */ = {isa = PBXFileReference; lastKnownFileType = sourcecode.swift; path = SearchViewModel.swift; sourceTree = "<group>"; };
		92B302F222D63B6F00CE5668 /* SearchViewController.swift */ = {isa = PBXFileReference; lastKnownFileType = sourcecode.swift; path = SearchViewController.swift; sourceTree = "<group>"; };
		92B302F422D63E6E00CE5668 /* SearchCoordinator.swift */ = {isa = PBXFileReference; lastKnownFileType = sourcecode.swift; path = SearchCoordinator.swift; sourceTree = "<group>"; };
		92B302F622D6431800CE5668 /* SendMessageViewModel.swift */ = {isa = PBXFileReference; lastKnownFileType = sourcecode.swift; path = SendMessageViewModel.swift; sourceTree = "<group>"; };
		92B302F822D6435200CE5668 /* SendMessageViewController.swift */ = {isa = PBXFileReference; lastKnownFileType = sourcecode.swift; path = SendMessageViewController.swift; sourceTree = "<group>"; };
		92B9008722CD8720009E619B /* AuthCoordinator.swift */ = {isa = PBXFileReference; lastKnownFileType = sourcecode.swift; path = AuthCoordinator.swift; sourceTree = "<group>"; };
		92B9008922CE94A7009E619B /* SplashScreenViewController.swift */ = {isa = PBXFileReference; lastKnownFileType = sourcecode.swift; path = SplashScreenViewController.swift; sourceTree = "<group>"; };
		92CA9C7F22D6475C009900E6 /* NotificationsCoordinator.swift */ = {isa = PBXFileReference; lastKnownFileType = sourcecode.swift; path = NotificationsCoordinator.swift; sourceTree = "<group>"; };
		92CA9C8122D647BF009900E6 /* NotificationsViewController.swift */ = {isa = PBXFileReference; lastKnownFileType = sourcecode.swift; path = NotificationsViewController.swift; sourceTree = "<group>"; };
		92CA9C8322D647E4009900E6 /* NotificationsViewModel.swift */ = {isa = PBXFileReference; lastKnownFileType = sourcecode.swift; path = NotificationsViewModel.swift; sourceTree = "<group>"; };
		92CA9C8522D6484B009900E6 /* ProfileCoordinator.swift */ = {isa = PBXFileReference; lastKnownFileType = sourcecode.swift; path = ProfileCoordinator.swift; sourceTree = "<group>"; };
		92CA9C8722D6492C009900E6 /* ProfileViewModel.swift */ = {isa = PBXFileReference; lastKnownFileType = sourcecode.swift; path = ProfileViewModel.swift; sourceTree = "<group>"; };
		92CA9C8922D6494C009900E6 /* ProfileViewController.swift */ = {isa = PBXFileReference; lastKnownFileType = sourcecode.swift; path = ProfileViewController.swift; sourceTree = "<group>"; };
		92D398A422C906A400AAC887 /* UIView+Extension.swift */ = {isa = PBXFileReference; lastKnownFileType = sourcecode.swift; path = "UIView+Extension.swift"; sourceTree = "<group>"; };
		92D8EBC822CFA8BA0083D6C4 /* AnimatedLogoView.swift */ = {isa = PBXFileReference; lastKnownFileType = sourcecode.swift; path = AnimatedLogoView.swift; sourceTree = "<group>"; };
		92D8EBCA22CFD83C0083D6C4 /* SignUpViewControllerDelegate.swift */ = {isa = PBXFileReference; lastKnownFileType = sourcecode.swift; path = SignUpViewControllerDelegate.swift; sourceTree = "<group>"; };
		92D8EBCC22CFE0120083D6C4 /* SignInViewControllerDelegate.swift */ = {isa = PBXFileReference; lastKnownFileType = sourcecode.swift; path = SignInViewControllerDelegate.swift; sourceTree = "<group>"; };
		92DA4F9D22D3C61500511C80 /* Production.plist */ = {isa = PBXFileReference; lastKnownFileType = text.plist.xml; path = Production.plist; sourceTree = "<group>"; };
		92DF5D2222D5224B00207D4D /* UserDefaultsKey.swift */ = {isa = PBXFileReference; lastKnownFileType = sourcecode.swift; path = UserDefaultsKey.swift; sourceTree = "<group>"; };
		92DF5D2622D52B9A00207D4D /* ToastView.swift */ = {isa = PBXFileReference; lastKnownFileType = sourcecode.swift; path = ToastView.swift; sourceTree = "<group>"; };
		92F1761D22DBC232008AEB82 /* MessageActionType.swift */ = {isa = PBXFileReference; lastKnownFileType = sourcecode.swift; path = MessageActionType.swift; sourceTree = "<group>"; };
		92F1761F22DBC42C008AEB82 /* MessageActionResponse.swift */ = {isa = PBXFileReference; lastKnownFileType = sourcecode.swift; path = MessageActionResponse.swift; sourceTree = "<group>"; };
		92F1762622DBF771008AEB82 /* MessageDetailViewController.swift */ = {isa = PBXFileReference; lastKnownFileType = sourcecode.swift; path = MessageDetailViewController.swift; sourceTree = "<group>"; };
		92F1762822DBF7F0008AEB82 /* MessageContentView.swift */ = {isa = PBXFileReference; lastKnownFileType = sourcecode.swift; path = MessageContentView.swift; sourceTree = "<group>"; };
		92F1762A22DBFBFE008AEB82 /* MessagesViewControllerDelegate.swift */ = {isa = PBXFileReference; lastKnownFileType = sourcecode.swift; path = MessagesViewControllerDelegate.swift; sourceTree = "<group>"; };
		92F1762E22DC19E6008AEB82 /* MessageDetailViewControllerDelegate.swift */ = {isa = PBXFileReference; lastKnownFileType = sourcecode.swift; path = MessageDetailViewControllerDelegate.swift; sourceTree = "<group>"; };
/* End PBXFileReference section */

/* Begin PBXFrameworksBuildPhase section */
		9233615322C643F5002B7BBA /* Frameworks */ = {
			isa = PBXFrameworksBuildPhase;
			buildActionMask = 2147483647;
			files = (
			);
			runOnlyForDeploymentPostprocessing = 0;
		};
		9233616922C643F7002B7BBA /* Frameworks */ = {
			isa = PBXFrameworksBuildPhase;
			buildActionMask = 2147483647;
			files = (
			);
			runOnlyForDeploymentPostprocessing = 0;
		};
		9233617422C643F7002B7BBA /* Frameworks */ = {
			isa = PBXFrameworksBuildPhase;
			buildActionMask = 2147483647;
			files = (
			);
			runOnlyForDeploymentPostprocessing = 0;
		};
/* End PBXFrameworksBuildPhase section */

/* Begin PBXGroup section */
		9228D6BB22D79115003B03DB /* Models */ = {
			isa = PBXGroup;
			children = (
				9276314222D3F673000D4B8F /* AuthToken.swift */,
				9228D6BC22D79250003B03DB /* Message.swift */,
				9228D6BE22D79643003B03DB /* User.swift */,
			);
			path = Models;
			sourceTree = "<group>";
		};
		9229482222CCE09C0080B328 /* Auth */ = {
			isa = PBXGroup;
			children = (
				925763E822CBA7850031D616 /* SignUpViewController.swift */,
				92D8EBCA22CFD83C0083D6C4 /* SignUpViewControllerDelegate.swift */,
				925763EA22CBA7E50031D616 /* SignUpView.swift */,
				925763DE22CB768D0031D616 /* SignInViewController.swift */,
				92D8EBCC22CFE0120083D6C4 /* SignInViewControllerDelegate.swift */,
				925763E022CB76E80031D616 /* SignInView.swift */,
				925763E622CB95900031D616 /* AuthView.swift */,
				925763E222CB7BE00031D616 /* AuthViewBackground.swift */,
			);
			path = Auth;
			sourceTree = "<group>";
		};
		9229482322CCE0BD0080B328 /* Text Input */ = {
			isa = PBXGroup;
			children = (
				925763EC22CBB4F80031D616 /* FormTextField.swift */,
				9229482022CCC3ED0080B328 /* TextField.swift */,
			);
			path = "Text Input";
			sourceTree = "<group>";
		};
		9233614D22C643F5002B7BBA = {
			isa = PBXGroup;
			children = (
				9233615822C643F5002B7BBA /* Nightlight */,
				9233616F22C643F7002B7BBA /* NightlightTests */,
				9233617A22C643F7002B7BBA /* NightlightUITests */,
				9233615722C643F5002B7BBA /* Products */,
			);
			sourceTree = "<group>";
		};
		9233615722C643F5002B7BBA /* Products */ = {
			isa = PBXGroup;
			children = (
				9233615622C643F5002B7BBA /* Nightlight.app */,
				9233616C22C643F7002B7BBA /* NightlightTests.xctest */,
				9233617722C643F7002B7BBA /* NightlightUITests.xctest */,
			);
			name = Products;
			sourceTree = "<group>";
		};
		9233615822C643F5002B7BBA /* Nightlight */ = {
			isa = PBXGroup;
			children = (
				925763D722CAD62B0031D616 /* Coordinators */,
				925763DD22CAD7BD0031D616 /* Services */,
				928A10AF22D3E3A800FF78FB /* View Models */,
				9228D6BB22D79115003B03DB /* Models */,
				925763D822CAD6630031D616 /* Views */,
				928A10AB22D3E2DA00FF78FB /* Errors */,
				928A10AC22D3E2EE00FF78FB /* Constants */,
				925763DB22CAD72C0031D616 /* Helpers */,
				925763DA22CAD6E30031D616 /* Extensions */,
				9237A1EA22CA980B00FC9331 /* Fonts */,
				9233615922C643F5002B7BBA /* AppDelegate.swift */,
				9233616222C643F7002B7BBA /* Assets.xcassets */,
				9233616422C643F7002B7BBA /* LaunchScreen.storyboard */,
				92931C3022D399B000C54EB8 /* Development.xcconfig */,
				92931C3322D39B5800C54EB8 /* Production.xcconfig */,
				9233616722C643F7002B7BBA /* Development.plist */,
				92DA4F9D22D3C61500511C80 /* Production.plist */,
			);
			path = Nightlight;
			sourceTree = "<group>";
		};
		9233616F22C643F7002B7BBA /* NightlightTests */ = {
			isa = PBXGroup;
			children = (
				9233617022C643F7002B7BBA /* NightlightTests.swift */,
				9233617222C643F7002B7BBA /* Info.plist */,
			);
			path = NightlightTests;
			sourceTree = "<group>";
		};
		9233617A22C643F7002B7BBA /* NightlightUITests */ = {
			isa = PBXGroup;
			children = (
				9233617B22C643F7002B7BBA /* NightlightUITests.swift */,
				9233617D22C643F7002B7BBA /* Info.plist */,
			);
			path = NightlightUITests;
			sourceTree = "<group>";
		};
		9237A1EA22CA980B00FC9331 /* Fonts */ = {
			isa = PBXGroup;
			children = (
				9237A1ED22CA981A00FC9331 /* CircularStd-Bold.otf */,
				9237A1EC22CA981A00FC9331 /* CircularStd-Book.otf */,
				9237A1EB22CA981A00FC9331 /* CircularStd-Medium.otf */,
			);
			path = Fonts;
			sourceTree = "<group>";
		};
		925763D722CAD62B0031D616 /* Coordinators */ = {
			isa = PBXGroup;
			children = (
				9233618C22C664C4002B7BBA /* Coordinator.swift */,
				9233618A22C664A2002B7BBA /* AppCoordinator.swift */,
				92B9008722CD8720009E619B /* AuthCoordinator.swift */,
				92B302EE22D63AB300CE5668 /* RecentMessagesCoordinator.swift */,
				92CA9C7F22D6475C009900E6 /* NotificationsCoordinator.swift */,
				92CA9C8522D6484B009900E6 /* ProfileCoordinator.swift */,
				92B302F422D63E6E00CE5668 /* SearchCoordinator.swift */,
				9213184C22D605AE00C91D90 /* SendMessageCoordinator.swift */,
			);
			path = Coordinators;
			sourceTree = "<group>";
		};
		925763D822CAD6630031D616 /* Views */ = {
			isa = PBXGroup;
			children = (
				9229482222CCE09C0080B328 /* Auth */,
				925763D922CAD6AB0031D616 /* Buttons */,
				92F1763022DCA5E0008AEB82 /* Container */,
				92F1763122DCA5FC008AEB82 /* Data Source */,
				92F1762522DBF6D3008AEB82 /* Message */,
				925763DC22CAD7760031D616 /* Onboarding */,
				928A10AD22D3E35200FF78FB /* Splash Screen */,
				9229482322CCE0BD0080B328 /* Text Input */,
				925763D522CAD0160031D616 /* PageControl.swift */,
				92DF5D2622D52B9A00207D4D /* ToastView.swift */,
				92CA9C8122D647BF009900E6 /* NotificationsViewController.swift */,
				92B302F222D63B6F00CE5668 /* SearchViewController.swift */,
				92CA9C8922D6494C009900E6 /* ProfileViewController.swift */,
				92B302F822D6435200CE5668 /* SendMessageViewController.swift */,
				9228D6AB22D65A4D003B03DB /* EmptyView.swift */,
				9228D6B522D77029003B03DB /* ActionView.swift */,
			);
			path = Views;
			sourceTree = "<group>";
		};
		925763D922CAD6AB0031D616 /* Buttons */ = {
			isa = PBXGroup;
			children = (
				925763D122CABFBB0031D616 /* BaseButton.swift */,
				9237A1F322CAA79500FC9331 /* ContainedButton.swift */,
				925763CF22CABF6A0031D616 /* TextButton.swift */,
			);
			path = Buttons;
			sourceTree = "<group>";
		};
		925763DA22CAD6E30031D616 /* Extensions */ = {
			isa = PBXGroup;
			children = (
				9276314822D4B07B000D4B8F /* Data+Extension.swift */,
				9228D6C022D798AB003B03DB /* Date+Extension.swift */,
				92418D4822D7D422001B6DFB /* DateFormatter+Extension.swift */,
				928A75CE22C92E7600BC607A /* UIStackView+Extension.swift */,
				9237A1D422CA74E100FC9331 /* UIColor+Extension.swift */,
				9228D6AD22D66122003B03DB /* UITableView+Extension.swift */,
				92418D4A22D7D645001B6DFB /* NSObject+Extension.swift */,
				92D398A422C906A400AAC887 /* UIView+Extension.swift */,
				9237A1D222CA559500FC9331 /* UIViewController+Extension.swift */,
				928A10A522D3CDF000FF78FB /* URLSession+Extension.swift */,
			);
			path = Extensions;
			sourceTree = "<group>";
		};
		925763DB22CAD72C0031D616 /* Helpers */ = {
			isa = PBXGroup;
			children = (
				9276314022D3F547000D4B8F /* AuthResponse.swift */,
				9228D6B722D77BCE003B03DB /* Configurable.swift */,
				92931C2622D3907E00C54EB8 /* Endpoint.swift */,
				92931C3422D39C7300C54EB8 /* Env.swift */,
				9276314C22D4C6FA000D4B8F /* KeychainAccessibility.swift */,
				9276314E22D4DDAE000D4B8F /* KeychainKey.swift */,
				92F1761D22DBC232008AEB82 /* MessageActionType.swift */,
				92F1761F22DBC42C008AEB82 /* MessageActionResponse.swift */,
				92418D4222D7C01E001B6DFB /* MessageResponse.swift */,
				9228D6C422D7BD02003B03DB /* MessageType.swift */,
				9237A1DE22CA859600FC9331 /* NLNotification.swift */,
				92418D4422D7C048001B6DFB /* PaginationMetadata.swift */,
				9213184822D5728F00C91D90 /* SignInCredentials.swift */,
				928A10B222D3EBF400FF78FB /* SignUpCredentials.swift */,
				9237A1DA22CA7EFB00FC9331 /* Themeable.swift */,
				9237A1D622CA7D7200FC9331 /* Theme.swift */,
				9237A1DC22CA829700FC9331 /* ThemeObserving.swift */,
				9237A1E022CA890D00FC9331 /* UIViewController+ThemeObserving.swift */,
				9237A1E622CA95DF00FC9331 /* UIFont+Fonts.swift */,
				9237A1D822CA7DFE00FC9331 /* UIColor+Colors.swift */,
				9276314622D4AEC4000D4B8F /* ValidationErrorDescription.swift */,
				92DF5D2222D5224B00207D4D /* UserDefaultsKey.swift */,
			);
			path = Helpers;
			sourceTree = "<group>";
		};
		925763DC22CAD7760031D616 /* Onboarding */ = {
			isa = PBXGroup;
			children = (
				928A75D022C967BE00BC607A /* OnboardViewController.swift */,
				928E53CE22C81E1A00260C8D /* OnboardPageViewController.swift */,
				925763D322CAC9C00031D616 /* OnboardViewControllerDelegate.swift */,
			);
			path = Onboarding;
			sourceTree = "<group>";
		};
		925763DD22CAD7BD0031D616 /* Services */ = {
			isa = PBXGroup;
			children = (
				9237A1E422CA91BE00FC9331 /* DependencyContainer.swift */,
				92931C2422D35C8000C54EB8 /* AuthorizedHttpClient.swift */,
				9229DFA122D2BDF200827A03 /* AuthService.swift */,
				92931C2022D2D4FB00C54EB8 /* HttpClient.swift */,
				9282180A22D20CB50007FF9B /* KeyboardManager.swift */,
				9276314A22D4B41E000D4B8F /* KeychainManager.swift */,
				9228D6C222D7A0D6003B03DB /* MessageService.swift */,
				9237A1E222CA8D8C00FC9331 /* StyleManager.swift */,
				92AE911022CD68DD002C75B6 /* UserDefaultsManager.swift */,
			);
			path = Services;
			sourceTree = "<group>";
		};
		928A10AB22D3E2DA00FF78FB /* Errors */ = {
			isa = PBXGroup;
			children = (
				928A10B422D3F3A800FF78FB /* AuthError.swift */,
				92418D4622D7C1D0001B6DFB /* MessageError.swift */,
				928A10A922D3D19200FF78FB /* HttpError.swift */,
				928A10A722D3CFBF00FF78FB /* NetworkError.swift */,
			);
			path = Errors;
			sourceTree = "<group>";
		};
		928A10AC22D3E2EE00FF78FB /* Constants */ = {
			isa = PBXGroup;
			children = (
				9237A1E822CA970000FC9331 /* CircularStdFont.swift */,
				9237A1EE22CA99E000FC9331 /* Strings.swift */,
			);
			path = Constants;
			sourceTree = "<group>";
		};
		928A10AD22D3E35200FF78FB /* Splash Screen */ = {
			isa = PBXGroup;
			children = (
				92D8EBC822CFA8BA0083D6C4 /* AnimatedLogoView.swift */,
				92B9008922CE94A7009E619B /* SplashScreenViewController.swift */,
			);
			path = "Splash Screen";
			sourceTree = "<group>";
		};
		928A10AF22D3E3A800FF78FB /* View Models */ = {
			isa = PBXGroup;
			children = (
				92B302EC22D6292C00CE5668 /* MessagesViewModel.swift */,
				92CA9C8322D647E4009900E6 /* NotificationsViewModel.swift */,
				92B302F022D63B4F00CE5668 /* SearchViewModel.swift */,
				92CA9C8722D6492C009900E6 /* ProfileViewModel.swift */,
				92B302F622D6431800CE5668 /* SendMessageViewModel.swift */,
				928A10B022D3E3EA00FF78FB /* SignUpViewModel.swift */,
				9213184622D571BF00C91D90 /* SignInViewModel.swift */,
				9228D6B922D77ED9003B03DB /* MessageViewModel.swift */,
			);
			path = "View Models";
			sourceTree = "<group>";
		};
		92F1762522DBF6D3008AEB82 /* Message */ = {
			isa = PBXGroup;
			children = (
				9213185022D6068200C91D90 /* MessagesViewController.swift */,
				92F1762A22DBFBFE008AEB82 /* MessagesViewControllerDelegate.swift */,
				9228D6A922D6571C003B03DB /* MessagesView.swift */,
				9228D6B322D763A2003B03DB /* MessageTableViewCell.swift */,
				9247606A22D8E2E4001EF6BE /* MessageTableViewCellDelegate.swift */,
				92F1762622DBF771008AEB82 /* MessageDetailViewController.swift */,
				92F1762E22DC19E6008AEB82 /* MessageDetailViewControllerDelegate.swift */,
				92F1762822DBF7F0008AEB82 /* MessageContentView.swift */,
			);
			path = Message;
			sourceTree = "<group>";
		};
		92F1763022DCA5E0008AEB82 /* Container */ = {
			isa = PBXGroup;
			children = (
				9213185222D6142700C91D90 /* MainNavigationController.swift */,
				9213184A22D6050000C91D90 /* NLTabBarController.swift */,
			);
			path = Container;
			sourceTree = "<group>";
		};
		92F1763122DCA5FC008AEB82 /* Data Source */ = {
			isa = PBXGroup;
			children = (
				9228D6AF22D665C9003B03DB /* TableViewArrayDataSource.swift */,
				9247606E22D910FF001EF6BE /* TableViewArrayPaginatedDataSource.swift */,
			);
			path = "Data Source";
			sourceTree = "<group>";
		};
/* End PBXGroup section */

/* Begin PBXNativeTarget section */
		9233615522C643F5002B7BBA /* Nightlight */ = {
			isa = PBXNativeTarget;
			buildConfigurationList = 9233618022C643F7002B7BBA /* Build configuration list for PBXNativeTarget "Nightlight" */;
			buildPhases = (
				9233615222C643F5002B7BBA /* Sources */,
				9233615322C643F5002B7BBA /* Frameworks */,
				9233615422C643F5002B7BBA /* Resources */,
				9233618922C64C2C002B7BBA /* ShellScript */,
			);
			buildRules = (
			);
			dependencies = (
			);
			name = Nightlight;
			productName = Nightlight;
			productReference = 9233615622C643F5002B7BBA /* Nightlight.app */;
			productType = "com.apple.product-type.application";
		};
		9233616B22C643F7002B7BBA /* NightlightTests */ = {
			isa = PBXNativeTarget;
			buildConfigurationList = 9233618322C643F7002B7BBA /* Build configuration list for PBXNativeTarget "NightlightTests" */;
			buildPhases = (
				9233616822C643F7002B7BBA /* Sources */,
				9233616922C643F7002B7BBA /* Frameworks */,
				9233616A22C643F7002B7BBA /* Resources */,
			);
			buildRules = (
			);
			dependencies = (
				9233616E22C643F7002B7BBA /* PBXTargetDependency */,
			);
			name = NightlightTests;
			productName = NightlightTests;
			productReference = 9233616C22C643F7002B7BBA /* NightlightTests.xctest */;
			productType = "com.apple.product-type.bundle.unit-test";
		};
		9233617622C643F7002B7BBA /* NightlightUITests */ = {
			isa = PBXNativeTarget;
			buildConfigurationList = 9233618622C643F7002B7BBA /* Build configuration list for PBXNativeTarget "NightlightUITests" */;
			buildPhases = (
				9233617322C643F7002B7BBA /* Sources */,
				9233617422C643F7002B7BBA /* Frameworks */,
				9233617522C643F7002B7BBA /* Resources */,
			);
			buildRules = (
			);
			dependencies = (
				9233617922C643F7002B7BBA /* PBXTargetDependency */,
			);
			name = NightlightUITests;
			productName = NightlightUITests;
			productReference = 9233617722C643F7002B7BBA /* NightlightUITests.xctest */;
			productType = "com.apple.product-type.bundle.ui-testing";
		};
/* End PBXNativeTarget section */

/* Begin PBXProject section */
		9233614E22C643F5002B7BBA /* Project object */ = {
			isa = PBXProject;
			attributes = {
				LastSwiftUpdateCheck = 1100;
				LastUpgradeCheck = 1100;
				ORGANIZATIONNAME = Electriapp;
				TargetAttributes = {
					9233615522C643F5002B7BBA = {
						CreatedOnToolsVersion = 11.0;
					};
					9233616B22C643F7002B7BBA = {
						CreatedOnToolsVersion = 11.0;
						TestTargetID = 9233615522C643F5002B7BBA;
					};
					9233617622C643F7002B7BBA = {
						CreatedOnToolsVersion = 11.0;
						TestTargetID = 9233615522C643F5002B7BBA;
					};
				};
			};
			buildConfigurationList = 9233615122C643F5002B7BBA /* Build configuration list for PBXProject "Nightlight" */;
			compatibilityVersion = "Xcode 9.3";
			developmentRegion = en;
			hasScannedForEncodings = 0;
			knownRegions = (
				en,
				Base,
			);
			mainGroup = 9233614D22C643F5002B7BBA;
			productRefGroup = 9233615722C643F5002B7BBA /* Products */;
			projectDirPath = "";
			projectRoot = "";
			targets = (
				9233615522C643F5002B7BBA /* Nightlight */,
				9233616B22C643F7002B7BBA /* NightlightTests */,
				9233617622C643F7002B7BBA /* NightlightUITests */,
			);
		};
/* End PBXProject section */

/* Begin PBXResourcesBuildPhase section */
		9233615422C643F5002B7BBA /* Resources */ = {
			isa = PBXResourcesBuildPhase;
			buildActionMask = 2147483647;
			files = (
				92931C3122D399B000C54EB8 /* Development.xcconfig in Resources */,
				9237A1F222CA9E9000FC9331 /* CircularStd-Medium.otf in Resources */,
				9233616622C643F7002B7BBA /* LaunchScreen.storyboard in Resources */,
				9237A1F022CA9E8A00FC9331 /* CircularStd-Bold.otf in Resources */,
				9233616322C643F7002B7BBA /* Assets.xcassets in Resources */,
				9237A1F122CA9E8D00FC9331 /* CircularStd-Book.otf in Resources */,
			);
			runOnlyForDeploymentPostprocessing = 0;
		};
		9233616A22C643F7002B7BBA /* Resources */ = {
			isa = PBXResourcesBuildPhase;
			buildActionMask = 2147483647;
			files = (
			);
			runOnlyForDeploymentPostprocessing = 0;
		};
		9233617522C643F7002B7BBA /* Resources */ = {
			isa = PBXResourcesBuildPhase;
			buildActionMask = 2147483647;
			files = (
			);
			runOnlyForDeploymentPostprocessing = 0;
		};
/* End PBXResourcesBuildPhase section */

/* Begin PBXShellScriptBuildPhase section */
		9233618922C64C2C002B7BBA /* ShellScript */ = {
			isa = PBXShellScriptBuildPhase;
			buildActionMask = 2147483647;
			files = (
			);
			inputFileListPaths = (
			);
			inputPaths = (
			);
			outputFileListPaths = (
			);
			outputPaths = (
			);
			runOnlyForDeploymentPostprocessing = 0;
			shellPath = /bin/sh;
			shellScript = "# Type a script or drag a script file from your workspace to insert its path.\nif which swiftlint >/dev/null; then\nswiftlint\nelse\necho \"warning: SwiftLint not installed, download from https://github.com/realm/SwiftLint\"\nfi\n";
		};
/* End PBXShellScriptBuildPhase section */

/* Begin PBXSourcesBuildPhase section */
		9233615222C643F5002B7BBA /* Sources */ = {
			isa = PBXSourcesBuildPhase;
			buildActionMask = 2147483647;
			files = (
				9213184922D5728F00C91D90 /* SignInCredentials.swift in Sources */,
				925763E322CB7BE00031D616 /* AuthViewBackground.swift in Sources */,
				925763D022CABF6A0031D616 /* TextButton.swift in Sources */,
				92AE911122CD68DD002C75B6 /* UserDefaultsManager.swift in Sources */,
				92418D4322D7C01E001B6DFB /* MessageResponse.swift in Sources */,
				9276314322D3F673000D4B8F /* AuthToken.swift in Sources */,
				9228D6B622D77029003B03DB /* ActionView.swift in Sources */,
				92CA9C8222D647C0009900E6 /* NotificationsViewController.swift in Sources */,
				92DF5D2722D52B9A00207D4D /* ToastView.swift in Sources */,
				92B302ED22D6292C00CE5668 /* MessagesViewModel.swift in Sources */,
				928A75D122C967BE00BC607A /* OnboardViewController.swift in Sources */,
				928A10AA22D3D19200FF78FB /* HttpError.swift in Sources */,
				92B302F522D63E6E00CE5668 /* SearchCoordinator.swift in Sources */,
				9247606F22D910FF001EF6BE /* TableViewArrayPaginatedDataSource.swift in Sources */,
				92931C2122D2D4FB00C54EB8 /* HttpClient.swift in Sources */,
				9233618D22C664C4002B7BBA /* Coordinator.swift in Sources */,
				9228D6C322D7A0D6003B03DB /* MessageService.swift in Sources */,
				92F1762B22DBFBFE008AEB82 /* MessagesViewControllerDelegate.swift in Sources */,
				9247606B22D8E2E4001EF6BE /* MessageTableViewCellDelegate.swift in Sources */,
				9237A1EF22CA99E000FC9331 /* Strings.swift in Sources */,
				9237A1F422CAA79500FC9331 /* ContainedButton.swift in Sources */,
				9233618B22C664A2002B7BBA /* AppCoordinator.swift in Sources */,
				9237A1D522CA74E100FC9331 /* UIColor+Extension.swift in Sources */,
				9237A1D922CA7DFE00FC9331 /* UIColor+Colors.swift in Sources */,
				9276314F22D4DDAE000D4B8F /* KeychainKey.swift in Sources */,
				9237A1DB22CA7EFB00FC9331 /* Themeable.swift in Sources */,
				925763D222CABFBB0031D616 /* BaseButton.swift in Sources */,
				9282180B22D20CB50007FF9B /* KeyboardManager.swift in Sources */,
				925763ED22CBB4F80031D616 /* FormTextField.swift in Sources */,
				9228D6B822D77BCE003B03DB /* Configurable.swift in Sources */,
				9229482122CCC3ED0080B328 /* TextField.swift in Sources */,
				9213185122D6068200C91D90 /* MessagesViewController.swift in Sources */,
				9237A1E122CA890D00FC9331 /* UIViewController+ThemeObserving.swift in Sources */,
				92B302F922D6435200CE5668 /* SendMessageViewController.swift in Sources */,
				9237A1DF22CA859600FC9331 /* NLNotification.swift in Sources */,
				92418D4522D7C048001B6DFB /* PaginationMetadata.swift in Sources */,
				9228D6C522D7BD02003B03DB /* MessageType.swift in Sources */,
				9213184D22D605AE00C91D90 /* SendMessageCoordinator.swift in Sources */,
				92D398A522C906A500AAC887 /* UIView+Extension.swift in Sources */,
				92931C2522D35C8000C54EB8 /* AuthorizedHttpClient.swift in Sources */,
				925763D422CAC9C00031D616 /* OnboardViewControllerDelegate.swift in Sources */,
				9276314B22D4B41E000D4B8F /* KeychainManager.swift in Sources */,
				9228D6C122D798AB003B03DB /* Date+Extension.swift in Sources */,
				92418D4B22D7D645001B6DFB /* NSObject+Extension.swift in Sources */,
				9213184B22D6050000C91D90 /* NLTabBarController.swift in Sources */,
				92418D4722D7C1D0001B6DFB /* MessageError.swift in Sources */,
				92CA9C8622D6484B009900E6 /* ProfileCoordinator.swift in Sources */,
				928A10B322D3EBF400FF78FB /* SignUpCredentials.swift in Sources */,
				9237A1E322CA8D8C00FC9331 /* StyleManager.swift in Sources */,
				9228D6AC22D65A4D003B03DB /* EmptyView.swift in Sources */,
				925763EB22CBA7E50031D616 /* SignUpView.swift in Sources */,
				92CA9C8422D647E5009900E6 /* NotificationsViewModel.swift in Sources */,
				928A75CF22C92E7600BC607A /* UIStackView+Extension.swift in Sources */,
				92B302F322D63B7000CE5668 /* SearchViewController.swift in Sources */,
				92F1762722DBF771008AEB82 /* MessageDetailViewController.swift in Sources */,
				92418D4922D7D422001B6DFB /* DateFormatter+Extension.swift in Sources */,
				9276314122D3F547000D4B8F /* AuthResponse.swift in Sources */,
				9228D6AE22D66122003B03DB /* UITableView+Extension.swift in Sources */,
				92CA9C8A22D6494C009900E6 /* ProfileViewController.swift in Sources */,
				9276314722D4AEC4000D4B8F /* ValidationErrorDescription.swift in Sources */,
				9213185322D6142700C91D90 /* MainNavigationController.swift in Sources */,
				9233615A22C643F5002B7BBA /* AppDelegate.swift in Sources */,
				9237A1D722CA7D7200FC9331 /* Theme.swift in Sources */,
				92B302F722D6431800CE5668 /* SendMessageViewModel.swift in Sources */,
				92D8EBCB22CFD83D0083D6C4 /* SignUpViewControllerDelegate.swift in Sources */,
				9213184722D571BF00C91D90 /* SignInViewModel.swift in Sources */,
				92D8EBCD22CFE0120083D6C4 /* SignInViewControllerDelegate.swift in Sources */,
				928A10A622D3CDF000FF78FB /* URLSession+Extension.swift in Sources */,
				92B9008A22CE94A7009E619B /* SplashScreenViewController.swift in Sources */,
				925763E122CB76E80031D616 /* SignInView.swift in Sources */,
				928A10B522D3F3A800FF78FB /* AuthError.swift in Sources */,
				92CA9C8822D6492C009900E6 /* ProfileViewModel.swift in Sources */,
				92B302EF22D63AB300CE5668 /* RecentMessagesCoordinator.swift in Sources */,
				9228D6BD22D79250003B03DB /* Message.swift in Sources */,
				92F1762022DBC42C008AEB82 /* MessageActionResponse.swift in Sources */,
				92B302F122D63B4F00CE5668 /* SearchViewModel.swift in Sources */,
				9228D6BF22D79643003B03DB /* User.swift in Sources */,
				92F1762F22DC19E6008AEB82 /* MessageDetailViewControllerDelegate.swift in Sources */,
				9276314D22D4C6FA000D4B8F /* KeychainAccessibility.swift in Sources */,
				92F1761E22DBC232008AEB82 /* MessageActionType.swift in Sources */,
				92DF5D2322D5224B00207D4D /* UserDefaultsKey.swift in Sources */,
				9228D6BA22D77ED9003B03DB /* MessageViewModel.swift in Sources */,
				92931C3622D3A09600C54EB8 /* Env.swift in Sources */,
				925763DF22CB768D0031D616 /* SignInViewController.swift in Sources */,
				92B9008822CD8720009E619B /* AuthCoordinator.swift in Sources */,
				9237A1E922CA970000FC9331 /* CircularStdFont.swift in Sources */,
				9228D6B022D665C9003B03DB /* TableViewArrayDataSource.swift in Sources */,
				9237A1E522CA91BE00FC9331 /* DependencyContainer.swift in Sources */,
				925763D622CAD0160031D616 /* PageControl.swift in Sources */,
				925763E922CBA7850031D616 /* SignUpViewController.swift in Sources */,
				92F1762922DBF7F0008AEB82 /* MessageContentView.swift in Sources */,
				9237A1D322CA559500FC9331 /* UIViewController+Extension.swift in Sources */,
				925763E722CB95900031D616 /* AuthView.swift in Sources */,
				9229DFA222D2BDF200827A03 /* AuthService.swift in Sources */,
				9237A1E722CA95DF00FC9331 /* UIFont+Fonts.swift in Sources */,
				9228D6AA22D6571C003B03DB /* MessagesView.swift in Sources */,
				928E53CF22C81E1A00260C8D /* OnboardPageViewController.swift in Sources */,
				928A10A822D3CFBF00FF78FB /* NetworkError.swift in Sources */,
				9228D6B422D763A2003B03DB /* MessageTableViewCell.swift in Sources */,
				928A10B122D3E3EA00FF78FB /* SignUpViewModel.swift in Sources */,
				9237A1DD22CA829700FC9331 /* ThemeObserving.swift in Sources */,
				9276314922D4B07B000D4B8F /* Data+Extension.swift in Sources */,
				92CA9C8022D6475C009900E6 /* NotificationsCoordinator.swift in Sources */,
				92931C2722D3907E00C54EB8 /* Endpoint.swift in Sources */,
				92D8EBC922CFA8BA0083D6C4 /* AnimatedLogoView.swift in Sources */,
			);
			runOnlyForDeploymentPostprocessing = 0;
		};
		9233616822C643F7002B7BBA /* Sources */ = {
			isa = PBXSourcesBuildPhase;
			buildActionMask = 2147483647;
			files = (
				9233617122C643F7002B7BBA /* NightlightTests.swift in Sources */,
			);
			runOnlyForDeploymentPostprocessing = 0;
		};
		9233617322C643F7002B7BBA /* Sources */ = {
			isa = PBXSourcesBuildPhase;
			buildActionMask = 2147483647;
			files = (
				9233617C22C643F7002B7BBA /* NightlightUITests.swift in Sources */,
			);
			runOnlyForDeploymentPostprocessing = 0;
		};
/* End PBXSourcesBuildPhase section */

/* Begin PBXTargetDependency section */
		9233616E22C643F7002B7BBA /* PBXTargetDependency */ = {
			isa = PBXTargetDependency;
			target = 9233615522C643F5002B7BBA /* Nightlight */;
			targetProxy = 9233616D22C643F7002B7BBA /* PBXContainerItemProxy */;
		};
		9233617922C643F7002B7BBA /* PBXTargetDependency */ = {
			isa = PBXTargetDependency;
			target = 9233615522C643F5002B7BBA /* Nightlight */;
			targetProxy = 9233617822C643F7002B7BBA /* PBXContainerItemProxy */;
		};
/* End PBXTargetDependency section */

/* Begin PBXVariantGroup section */
		9233616422C643F7002B7BBA /* LaunchScreen.storyboard */ = {
			isa = PBXVariantGroup;
			children = (
				9233616522C643F7002B7BBA /* Base */,
			);
			name = LaunchScreen.storyboard;
			sourceTree = "<group>";
		};
/* End PBXVariantGroup section */

/* Begin XCBuildConfiguration section */
		9233617E22C643F7002B7BBA /* Debug (Dev) */ = {
			isa = XCBuildConfiguration;
			baseConfigurationReference = 92931C3022D399B000C54EB8 /* Development.xcconfig */;
			buildSettings = {
				ALWAYS_SEARCH_USER_PATHS = NO;
				CLANG_ANALYZER_NONNULL = YES;
				CLANG_ANALYZER_NUMBER_OBJECT_CONVERSION = YES_AGGRESSIVE;
				CLANG_CXX_LANGUAGE_STANDARD = "gnu++14";
				CLANG_CXX_LIBRARY = "libc++";
				CLANG_ENABLE_MODULES = YES;
				CLANG_ENABLE_OBJC_ARC = YES;
				CLANG_ENABLE_OBJC_WEAK = YES;
				CLANG_WARN_BLOCK_CAPTURE_AUTORELEASING = YES;
				CLANG_WARN_BOOL_CONVERSION = YES;
				CLANG_WARN_COMMA = YES;
				CLANG_WARN_CONSTANT_CONVERSION = YES;
				CLANG_WARN_DEPRECATED_OBJC_IMPLEMENTATIONS = YES;
				CLANG_WARN_DIRECT_OBJC_ISA_USAGE = YES_ERROR;
				CLANG_WARN_DOCUMENTATION_COMMENTS = YES;
				CLANG_WARN_EMPTY_BODY = YES;
				CLANG_WARN_ENUM_CONVERSION = YES;
				CLANG_WARN_INFINITE_RECURSION = YES;
				CLANG_WARN_INT_CONVERSION = YES;
				CLANG_WARN_NON_LITERAL_NULL_CONVERSION = YES;
				CLANG_WARN_OBJC_IMPLICIT_RETAIN_SELF = YES;
				CLANG_WARN_OBJC_LITERAL_CONVERSION = YES;
				CLANG_WARN_OBJC_ROOT_CLASS = YES_ERROR;
				CLANG_WARN_RANGE_LOOP_ANALYSIS = YES;
				CLANG_WARN_STRICT_PROTOTYPES = YES;
				CLANG_WARN_SUSPICIOUS_MOVE = YES;
				CLANG_WARN_UNGUARDED_AVAILABILITY = YES_AGGRESSIVE;
				CLANG_WARN_UNREACHABLE_CODE = YES;
				CLANG_WARN__DUPLICATE_METHOD_MATCH = YES;
				COPY_PHASE_STRIP = NO;
				DEBUG_INFORMATION_FORMAT = dwarf;
				ENABLE_STRICT_OBJC_MSGSEND = YES;
				ENABLE_TESTABILITY = YES;
				GCC_C_LANGUAGE_STANDARD = gnu11;
				GCC_DYNAMIC_NO_PIC = NO;
				GCC_NO_COMMON_BLOCKS = YES;
				GCC_OPTIMIZATION_LEVEL = 0;
				GCC_PREPROCESSOR_DEFINITIONS = (
					"DEBUG=1",
					"$(inherited)",
				);
				GCC_WARN_64_TO_32_BIT_CONVERSION = YES;
				GCC_WARN_ABOUT_RETURN_TYPE = YES_ERROR;
				GCC_WARN_UNDECLARED_SELECTOR = YES;
				GCC_WARN_UNINITIALIZED_AUTOS = YES_AGGRESSIVE;
				GCC_WARN_UNUSED_FUNCTION = YES;
				GCC_WARN_UNUSED_VARIABLE = YES;
				IPHONEOS_DEPLOYMENT_TARGET = 13.0;
				MTL_ENABLE_DEBUG_INFO = INCLUDE_SOURCE;
				MTL_FAST_MATH = YES;
				ONLY_ACTIVE_ARCH = YES;
				SDKROOT = iphoneos;
				SWIFT_ACTIVE_COMPILATION_CONDITIONS = DEBUG;
				SWIFT_OPTIMIZATION_LEVEL = "-Onone";
			};
			name = "Debug (Dev)";
		};
		9233617F22C643F7002B7BBA /* Release (Dev) */ = {
			isa = XCBuildConfiguration;
			baseConfigurationReference = 92931C3022D399B000C54EB8 /* Development.xcconfig */;
			buildSettings = {
				ALWAYS_SEARCH_USER_PATHS = NO;
				CLANG_ANALYZER_NONNULL = YES;
				CLANG_ANALYZER_NUMBER_OBJECT_CONVERSION = YES_AGGRESSIVE;
				CLANG_CXX_LANGUAGE_STANDARD = "gnu++14";
				CLANG_CXX_LIBRARY = "libc++";
				CLANG_ENABLE_MODULES = YES;
				CLANG_ENABLE_OBJC_ARC = YES;
				CLANG_ENABLE_OBJC_WEAK = YES;
				CLANG_WARN_BLOCK_CAPTURE_AUTORELEASING = YES;
				CLANG_WARN_BOOL_CONVERSION = YES;
				CLANG_WARN_COMMA = YES;
				CLANG_WARN_CONSTANT_CONVERSION = YES;
				CLANG_WARN_DEPRECATED_OBJC_IMPLEMENTATIONS = YES;
				CLANG_WARN_DIRECT_OBJC_ISA_USAGE = YES_ERROR;
				CLANG_WARN_DOCUMENTATION_COMMENTS = YES;
				CLANG_WARN_EMPTY_BODY = YES;
				CLANG_WARN_ENUM_CONVERSION = YES;
				CLANG_WARN_INFINITE_RECURSION = YES;
				CLANG_WARN_INT_CONVERSION = YES;
				CLANG_WARN_NON_LITERAL_NULL_CONVERSION = YES;
				CLANG_WARN_OBJC_IMPLICIT_RETAIN_SELF = YES;
				CLANG_WARN_OBJC_LITERAL_CONVERSION = YES;
				CLANG_WARN_OBJC_ROOT_CLASS = YES_ERROR;
				CLANG_WARN_RANGE_LOOP_ANALYSIS = YES;
				CLANG_WARN_STRICT_PROTOTYPES = YES;
				CLANG_WARN_SUSPICIOUS_MOVE = YES;
				CLANG_WARN_UNGUARDED_AVAILABILITY = YES_AGGRESSIVE;
				CLANG_WARN_UNREACHABLE_CODE = YES;
				CLANG_WARN__DUPLICATE_METHOD_MATCH = YES;
				COPY_PHASE_STRIP = NO;
				DEBUG_INFORMATION_FORMAT = "dwarf-with-dsym";
				ENABLE_NS_ASSERTIONS = NO;
				ENABLE_STRICT_OBJC_MSGSEND = YES;
				GCC_C_LANGUAGE_STANDARD = gnu11;
				GCC_NO_COMMON_BLOCKS = YES;
				GCC_WARN_64_TO_32_BIT_CONVERSION = YES;
				GCC_WARN_ABOUT_RETURN_TYPE = YES_ERROR;
				GCC_WARN_UNDECLARED_SELECTOR = YES;
				GCC_WARN_UNINITIALIZED_AUTOS = YES_AGGRESSIVE;
				GCC_WARN_UNUSED_FUNCTION = YES;
				GCC_WARN_UNUSED_VARIABLE = YES;
				IPHONEOS_DEPLOYMENT_TARGET = 13.0;
				MTL_ENABLE_DEBUG_INFO = NO;
				MTL_FAST_MATH = YES;
				SDKROOT = iphoneos;
				SWIFT_COMPILATION_MODE = wholemodule;
				SWIFT_OPTIMIZATION_LEVEL = "-O";
				VALIDATE_PRODUCT = YES;
			};
			name = "Release (Dev)";
		};
		9233618122C643F7002B7BBA /* Debug (Dev) */ = {
			isa = XCBuildConfiguration;
			baseConfigurationReference = 92931C3022D399B000C54EB8 /* Development.xcconfig */;
			buildSettings = {
				ASSETCATALOG_COMPILER_APPICON_NAME = AppIcon;
				CODE_SIGN_STYLE = Automatic;
				DEVELOPMENT_TEAM = QXLVEU7SE4;
				INFOPLIST_FILE = Nightlight/Development.plist;
				IPHONEOS_DEPLOYMENT_TARGET = 11.0;
				LD_RUNPATH_SEARCH_PATHS = (
					"$(inherited)",
					"@executable_path/Frameworks",
				);
				PRODUCT_BUNDLE_IDENTIFIER = com.electriapp.Nightlight;
				PRODUCT_NAME = "$(TARGET_NAME)";
				SWIFT_VERSION = 5.0;
				TARGETED_DEVICE_FAMILY = 1;
			};
			name = "Debug (Dev)";
		};
		9233618222C643F7002B7BBA /* Release (Dev) */ = {
			isa = XCBuildConfiguration;
			baseConfigurationReference = 92931C3022D399B000C54EB8 /* Development.xcconfig */;
			buildSettings = {
				ASSETCATALOG_COMPILER_APPICON_NAME = AppIcon;
				CODE_SIGN_STYLE = Automatic;
				DEVELOPMENT_TEAM = QXLVEU7SE4;
				INFOPLIST_FILE = Nightlight/Development.plist;
				IPHONEOS_DEPLOYMENT_TARGET = 11.0;
				LD_RUNPATH_SEARCH_PATHS = (
					"$(inherited)",
					"@executable_path/Frameworks",
				);
				PRODUCT_BUNDLE_IDENTIFIER = com.electriapp.Nightlight;
				PRODUCT_NAME = "$(TARGET_NAME)";
				SWIFT_VERSION = 5.0;
				TARGETED_DEVICE_FAMILY = 1;
			};
			name = "Release (Dev)";
		};
		9233618422C643F7002B7BBA /* Debug (Dev) */ = {
			isa = XCBuildConfiguration;
			buildSettings = {
				ALWAYS_EMBED_SWIFT_STANDARD_LIBRARIES = YES;
				BUNDLE_LOADER = "$(TEST_HOST)";
				CODE_SIGN_STYLE = Automatic;
				DEVELOPMENT_TEAM = QXLVEU7SE4;
				INFOPLIST_FILE = NightlightTests/Info.plist;
				LD_RUNPATH_SEARCH_PATHS = (
					"$(inherited)",
					"@executable_path/Frameworks",
					"@loader_path/Frameworks",
				);
				PRODUCT_BUNDLE_IDENTIFIER = com.electriapp.NightlightTests;
				PRODUCT_NAME = "$(TARGET_NAME)";
				SWIFT_VERSION = 5.0;
				TARGETED_DEVICE_FAMILY = "1,2";
				TEST_HOST = "$(BUILT_PRODUCTS_DIR)/Nightlight.app/Nightlight";
			};
			name = "Debug (Dev)";
		};
		9233618522C643F7002B7BBA /* Release (Dev) */ = {
			isa = XCBuildConfiguration;
			buildSettings = {
				ALWAYS_EMBED_SWIFT_STANDARD_LIBRARIES = YES;
				BUNDLE_LOADER = "$(TEST_HOST)";
				CODE_SIGN_STYLE = Automatic;
				DEVELOPMENT_TEAM = QXLVEU7SE4;
				INFOPLIST_FILE = NightlightTests/Info.plist;
				LD_RUNPATH_SEARCH_PATHS = (
					"$(inherited)",
					"@executable_path/Frameworks",
					"@loader_path/Frameworks",
				);
				PRODUCT_BUNDLE_IDENTIFIER = com.electriapp.NightlightTests;
				PRODUCT_NAME = "$(TARGET_NAME)";
				SWIFT_VERSION = 5.0;
				TARGETED_DEVICE_FAMILY = "1,2";
				TEST_HOST = "$(BUILT_PRODUCTS_DIR)/Nightlight.app/Nightlight";
			};
			name = "Release (Dev)";
		};
		9233618722C643F7002B7BBA /* Debug (Dev) */ = {
			isa = XCBuildConfiguration;
			buildSettings = {
				ALWAYS_EMBED_SWIFT_STANDARD_LIBRARIES = YES;
				CODE_SIGN_STYLE = Automatic;
				DEVELOPMENT_TEAM = QXLVEU7SE4;
				INFOPLIST_FILE = NightlightUITests/Info.plist;
				LD_RUNPATH_SEARCH_PATHS = (
					"$(inherited)",
					"@executable_path/Frameworks",
					"@loader_path/Frameworks",
				);
				PRODUCT_BUNDLE_IDENTIFIER = com.electriapp.NightlightUITests;
				PRODUCT_NAME = "$(TARGET_NAME)";
				SWIFT_VERSION = 5.0;
				TARGETED_DEVICE_FAMILY = "1,2";
				TEST_TARGET_NAME = Nightlight;
			};
			name = "Debug (Dev)";
		};
		9233618822C643F7002B7BBA /* Release (Dev) */ = {
			isa = XCBuildConfiguration;
			buildSettings = {
				ALWAYS_EMBED_SWIFT_STANDARD_LIBRARIES = YES;
				CODE_SIGN_STYLE = Automatic;
				DEVELOPMENT_TEAM = QXLVEU7SE4;
				INFOPLIST_FILE = NightlightUITests/Info.plist;
				LD_RUNPATH_SEARCH_PATHS = (
					"$(inherited)",
					"@executable_path/Frameworks",
					"@loader_path/Frameworks",
				);
				PRODUCT_BUNDLE_IDENTIFIER = com.electriapp.NightlightUITests;
				PRODUCT_NAME = "$(TARGET_NAME)";
				SWIFT_VERSION = 5.0;
				TARGETED_DEVICE_FAMILY = "1,2";
				TEST_TARGET_NAME = Nightlight;
			};
			name = "Release (Dev)";
		};
		92931C2822D396B000C54EB8 /* Debug (Prod) */ = {
			isa = XCBuildConfiguration;
			baseConfigurationReference = 92931C3322D39B5800C54EB8 /* Production.xcconfig */;
			buildSettings = {
				ALWAYS_SEARCH_USER_PATHS = NO;
				CLANG_ANALYZER_NONNULL = YES;
				CLANG_ANALYZER_NUMBER_OBJECT_CONVERSION = YES_AGGRESSIVE;
				CLANG_CXX_LANGUAGE_STANDARD = "gnu++14";
				CLANG_CXX_LIBRARY = "libc++";
				CLANG_ENABLE_MODULES = YES;
				CLANG_ENABLE_OBJC_ARC = YES;
				CLANG_ENABLE_OBJC_WEAK = YES;
				CLANG_WARN_BLOCK_CAPTURE_AUTORELEASING = YES;
				CLANG_WARN_BOOL_CONVERSION = YES;
				CLANG_WARN_COMMA = YES;
				CLANG_WARN_CONSTANT_CONVERSION = YES;
				CLANG_WARN_DEPRECATED_OBJC_IMPLEMENTATIONS = YES;
				CLANG_WARN_DIRECT_OBJC_ISA_USAGE = YES_ERROR;
				CLANG_WARN_DOCUMENTATION_COMMENTS = YES;
				CLANG_WARN_EMPTY_BODY = YES;
				CLANG_WARN_ENUM_CONVERSION = YES;
				CLANG_WARN_INFINITE_RECURSION = YES;
				CLANG_WARN_INT_CONVERSION = YES;
				CLANG_WARN_NON_LITERAL_NULL_CONVERSION = YES;
				CLANG_WARN_OBJC_IMPLICIT_RETAIN_SELF = YES;
				CLANG_WARN_OBJC_LITERAL_CONVERSION = YES;
				CLANG_WARN_OBJC_ROOT_CLASS = YES_ERROR;
				CLANG_WARN_RANGE_LOOP_ANALYSIS = YES;
				CLANG_WARN_STRICT_PROTOTYPES = YES;
				CLANG_WARN_SUSPICIOUS_MOVE = YES;
				CLANG_WARN_UNGUARDED_AVAILABILITY = YES_AGGRESSIVE;
				CLANG_WARN_UNREACHABLE_CODE = YES;
				CLANG_WARN__DUPLICATE_METHOD_MATCH = YES;
				COPY_PHASE_STRIP = NO;
				DEBUG_INFORMATION_FORMAT = dwarf;
				ENABLE_STRICT_OBJC_MSGSEND = YES;
				ENABLE_TESTABILITY = YES;
				GCC_C_LANGUAGE_STANDARD = gnu11;
				GCC_DYNAMIC_NO_PIC = NO;
				GCC_NO_COMMON_BLOCKS = YES;
				GCC_OPTIMIZATION_LEVEL = 0;
				GCC_PREPROCESSOR_DEFINITIONS = (
					"DEBUG=1",
					"$(inherited)",
				);
				GCC_WARN_64_TO_32_BIT_CONVERSION = YES;
				GCC_WARN_ABOUT_RETURN_TYPE = YES_ERROR;
				GCC_WARN_UNDECLARED_SELECTOR = YES;
				GCC_WARN_UNINITIALIZED_AUTOS = YES_AGGRESSIVE;
				GCC_WARN_UNUSED_FUNCTION = YES;
				GCC_WARN_UNUSED_VARIABLE = YES;
				IPHONEOS_DEPLOYMENT_TARGET = 13.0;
				MTL_ENABLE_DEBUG_INFO = INCLUDE_SOURCE;
				MTL_FAST_MATH = YES;
				ONLY_ACTIVE_ARCH = YES;
				SDKROOT = iphoneos;
				SWIFT_ACTIVE_COMPILATION_CONDITIONS = DEBUG;
				SWIFT_OPTIMIZATION_LEVEL = "-Onone";
			};
			name = "Debug (Prod)";
		};
		92931C2922D396B000C54EB8 /* Debug (Prod) */ = {
			isa = XCBuildConfiguration;
			baseConfigurationReference = 92931C3322D39B5800C54EB8 /* Production.xcconfig */;
			buildSettings = {
				ASSETCATALOG_COMPILER_APPICON_NAME = AppIcon;
				CODE_SIGN_STYLE = Automatic;
				DEVELOPMENT_TEAM = QXLVEU7SE4;
				INFOPLIST_FILE = Nightlight/Production.plist;
				IPHONEOS_DEPLOYMENT_TARGET = 11.0;
				LD_RUNPATH_SEARCH_PATHS = (
					"$(inherited)",
					"@executable_path/Frameworks",
				);
				PRODUCT_BUNDLE_IDENTIFIER = com.electriapp.Nightlight;
				PRODUCT_NAME = "$(TARGET_NAME)";
				SWIFT_VERSION = 5.0;
				TARGETED_DEVICE_FAMILY = 1;
			};
			name = "Debug (Prod)";
		};
		92931C2A22D396B000C54EB8 /* Debug (Prod) */ = {
			isa = XCBuildConfiguration;
			buildSettings = {
				ALWAYS_EMBED_SWIFT_STANDARD_LIBRARIES = YES;
				BUNDLE_LOADER = "$(TEST_HOST)";
				CODE_SIGN_STYLE = Automatic;
				DEVELOPMENT_TEAM = QXLVEU7SE4;
				INFOPLIST_FILE = NightlightTests/Info.plist;
				LD_RUNPATH_SEARCH_PATHS = (
					"$(inherited)",
					"@executable_path/Frameworks",
					"@loader_path/Frameworks",
				);
				PRODUCT_BUNDLE_IDENTIFIER = com.electriapp.NightlightTests;
				PRODUCT_NAME = "$(TARGET_NAME)";
				SWIFT_VERSION = 5.0;
				TARGETED_DEVICE_FAMILY = "1,2";
				TEST_HOST = "$(BUILT_PRODUCTS_DIR)/Nightlight.app/Nightlight";
			};
			name = "Debug (Prod)";
		};
		92931C2B22D396B000C54EB8 /* Debug (Prod) */ = {
			isa = XCBuildConfiguration;
			buildSettings = {
				ALWAYS_EMBED_SWIFT_STANDARD_LIBRARIES = YES;
				CODE_SIGN_STYLE = Automatic;
				DEVELOPMENT_TEAM = QXLVEU7SE4;
				INFOPLIST_FILE = NightlightUITests/Info.plist;
				LD_RUNPATH_SEARCH_PATHS = (
					"$(inherited)",
					"@executable_path/Frameworks",
					"@loader_path/Frameworks",
				);
				PRODUCT_BUNDLE_IDENTIFIER = com.electriapp.NightlightUITests;
				PRODUCT_NAME = "$(TARGET_NAME)";
				SWIFT_VERSION = 5.0;
				TARGETED_DEVICE_FAMILY = "1,2";
				TEST_TARGET_NAME = Nightlight;
			};
			name = "Debug (Prod)";
		};
		92931C2C22D396BE00C54EB8 /* Release (Prod) */ = {
			isa = XCBuildConfiguration;
			baseConfigurationReference = 92931C3322D39B5800C54EB8 /* Production.xcconfig */;
			buildSettings = {
				ALWAYS_SEARCH_USER_PATHS = NO;
				CLANG_ANALYZER_NONNULL = YES;
				CLANG_ANALYZER_NUMBER_OBJECT_CONVERSION = YES_AGGRESSIVE;
				CLANG_CXX_LANGUAGE_STANDARD = "gnu++14";
				CLANG_CXX_LIBRARY = "libc++";
				CLANG_ENABLE_MODULES = YES;
				CLANG_ENABLE_OBJC_ARC = YES;
				CLANG_ENABLE_OBJC_WEAK = YES;
				CLANG_WARN_BLOCK_CAPTURE_AUTORELEASING = YES;
				CLANG_WARN_BOOL_CONVERSION = YES;
				CLANG_WARN_COMMA = YES;
				CLANG_WARN_CONSTANT_CONVERSION = YES;
				CLANG_WARN_DEPRECATED_OBJC_IMPLEMENTATIONS = YES;
				CLANG_WARN_DIRECT_OBJC_ISA_USAGE = YES_ERROR;
				CLANG_WARN_DOCUMENTATION_COMMENTS = YES;
				CLANG_WARN_EMPTY_BODY = YES;
				CLANG_WARN_ENUM_CONVERSION = YES;
				CLANG_WARN_INFINITE_RECURSION = YES;
				CLANG_WARN_INT_CONVERSION = YES;
				CLANG_WARN_NON_LITERAL_NULL_CONVERSION = YES;
				CLANG_WARN_OBJC_IMPLICIT_RETAIN_SELF = YES;
				CLANG_WARN_OBJC_LITERAL_CONVERSION = YES;
				CLANG_WARN_OBJC_ROOT_CLASS = YES_ERROR;
				CLANG_WARN_RANGE_LOOP_ANALYSIS = YES;
				CLANG_WARN_STRICT_PROTOTYPES = YES;
				CLANG_WARN_SUSPICIOUS_MOVE = YES;
				CLANG_WARN_UNGUARDED_AVAILABILITY = YES_AGGRESSIVE;
				CLANG_WARN_UNREACHABLE_CODE = YES;
				CLANG_WARN__DUPLICATE_METHOD_MATCH = YES;
				COPY_PHASE_STRIP = NO;
				DEBUG_INFORMATION_FORMAT = "dwarf-with-dsym";
				ENABLE_NS_ASSERTIONS = NO;
				ENABLE_STRICT_OBJC_MSGSEND = YES;
				GCC_C_LANGUAGE_STANDARD = gnu11;
				GCC_NO_COMMON_BLOCKS = YES;
				GCC_WARN_64_TO_32_BIT_CONVERSION = YES;
				GCC_WARN_ABOUT_RETURN_TYPE = YES_ERROR;
				GCC_WARN_UNDECLARED_SELECTOR = YES;
				GCC_WARN_UNINITIALIZED_AUTOS = YES_AGGRESSIVE;
				GCC_WARN_UNUSED_FUNCTION = YES;
				GCC_WARN_UNUSED_VARIABLE = YES;
				IPHONEOS_DEPLOYMENT_TARGET = 13.0;
				MTL_ENABLE_DEBUG_INFO = NO;
				MTL_FAST_MATH = YES;
				SDKROOT = iphoneos;
				SWIFT_COMPILATION_MODE = wholemodule;
				SWIFT_OPTIMIZATION_LEVEL = "-O";
				VALIDATE_PRODUCT = YES;
			};
			name = "Release (Prod)";
		};
		92931C2D22D396BE00C54EB8 /* Release (Prod) */ = {
			isa = XCBuildConfiguration;
			baseConfigurationReference = 92931C3322D39B5800C54EB8 /* Production.xcconfig */;
			buildSettings = {
				ASSETCATALOG_COMPILER_APPICON_NAME = AppIcon;
				CODE_SIGN_STYLE = Automatic;
				DEVELOPMENT_TEAM = QXLVEU7SE4;
				INFOPLIST_FILE = Nightlight/Production.plist;
				IPHONEOS_DEPLOYMENT_TARGET = 11.0;
				LD_RUNPATH_SEARCH_PATHS = (
					"$(inherited)",
					"@executable_path/Frameworks",
				);
				PRODUCT_BUNDLE_IDENTIFIER = com.electriapp.Nightlight;
				PRODUCT_NAME = "$(TARGET_NAME)";
				SWIFT_VERSION = 5.0;
				TARGETED_DEVICE_FAMILY = 1;
			};
			name = "Release (Prod)";
		};
		92931C2E22D396BE00C54EB8 /* Release (Prod) */ = {
			isa = XCBuildConfiguration;
			buildSettings = {
				ALWAYS_EMBED_SWIFT_STANDARD_LIBRARIES = YES;
				BUNDLE_LOADER = "$(TEST_HOST)";
				CODE_SIGN_STYLE = Automatic;
				DEVELOPMENT_TEAM = QXLVEU7SE4;
				INFOPLIST_FILE = NightlightTests/Info.plist;
				LD_RUNPATH_SEARCH_PATHS = (
					"$(inherited)",
					"@executable_path/Frameworks",
					"@loader_path/Frameworks",
				);
				PRODUCT_BUNDLE_IDENTIFIER = com.electriapp.NightlightTests;
				PRODUCT_NAME = "$(TARGET_NAME)";
				SWIFT_VERSION = 5.0;
				TARGETED_DEVICE_FAMILY = "1,2";
				TEST_HOST = "$(BUILT_PRODUCTS_DIR)/Nightlight.app/Nightlight";
			};
			name = "Release (Prod)";
		};
		92931C2F22D396BE00C54EB8 /* Release (Prod) */ = {
			isa = XCBuildConfiguration;
			buildSettings = {
				ALWAYS_EMBED_SWIFT_STANDARD_LIBRARIES = YES;
				CODE_SIGN_STYLE = Automatic;
				DEVELOPMENT_TEAM = QXLVEU7SE4;
				INFOPLIST_FILE = NightlightUITests/Info.plist;
				LD_RUNPATH_SEARCH_PATHS = (
					"$(inherited)",
					"@executable_path/Frameworks",
					"@loader_path/Frameworks",
				);
				PRODUCT_BUNDLE_IDENTIFIER = com.electriapp.NightlightUITests;
				PRODUCT_NAME = "$(TARGET_NAME)";
				SWIFT_VERSION = 5.0;
				TARGETED_DEVICE_FAMILY = "1,2";
				TEST_TARGET_NAME = Nightlight;
			};
			name = "Release (Prod)";
		};
/* End XCBuildConfiguration section */

/* Begin XCConfigurationList section */
		9233615122C643F5002B7BBA /* Build configuration list for PBXProject "Nightlight" */ = {
			isa = XCConfigurationList;
			buildConfigurations = (
				9233617E22C643F7002B7BBA /* Debug (Dev) */,
				92931C2822D396B000C54EB8 /* Debug (Prod) */,
				9233617F22C643F7002B7BBA /* Release (Dev) */,
				92931C2C22D396BE00C54EB8 /* Release (Prod) */,
			);
			defaultConfigurationIsVisible = 0;
			defaultConfigurationName = "Release (Dev)";
		};
		9233618022C643F7002B7BBA /* Build configuration list for PBXNativeTarget "Nightlight" */ = {
			isa = XCConfigurationList;
			buildConfigurations = (
				9233618122C643F7002B7BBA /* Debug (Dev) */,
				92931C2922D396B000C54EB8 /* Debug (Prod) */,
				9233618222C643F7002B7BBA /* Release (Dev) */,
				92931C2D22D396BE00C54EB8 /* Release (Prod) */,
			);
			defaultConfigurationIsVisible = 0;
			defaultConfigurationName = "Release (Dev)";
		};
		9233618322C643F7002B7BBA /* Build configuration list for PBXNativeTarget "NightlightTests" */ = {
			isa = XCConfigurationList;
			buildConfigurations = (
				9233618422C643F7002B7BBA /* Debug (Dev) */,
				92931C2A22D396B000C54EB8 /* Debug (Prod) */,
				9233618522C643F7002B7BBA /* Release (Dev) */,
				92931C2E22D396BE00C54EB8 /* Release (Prod) */,
			);
			defaultConfigurationIsVisible = 0;
			defaultConfigurationName = "Release (Dev)";
		};
		9233618622C643F7002B7BBA /* Build configuration list for PBXNativeTarget "NightlightUITests" */ = {
			isa = XCConfigurationList;
			buildConfigurations = (
				9233618722C643F7002B7BBA /* Debug (Dev) */,
				92931C2B22D396B000C54EB8 /* Debug (Prod) */,
				9233618822C643F7002B7BBA /* Release (Dev) */,
				92931C2F22D396BE00C54EB8 /* Release (Prod) */,
			);
			defaultConfigurationIsVisible = 0;
			defaultConfigurationName = "Release (Dev)";
		};
/* End XCConfigurationList section */
	};
	rootObject = 9233614E22C643F5002B7BBA /* Project object */;
}
